PODS:
  - Alamofire (5.4.2)
  - BSImagePicker (3.3.1)
  - GMStepper (2.2)
  - InputBarAccessoryView (5.3.1):
    - InputBarAccessoryView/Core (= 5.3.1)
  - InputBarAccessoryView/Core (5.3.1)
  - IQKeyboardManagerSwift (6.5.6)
  - JGProgressHUD (2.2)
  - MessageKit (3.6.1):
    - InputBarAccessoryView (~> 5.3.1)
  - SnapKit (5.0.1)

DEPENDENCIES:
  - Alamofire (~> 5.2)
  - BSImagePicker (~> 3.1)
  - GMStepper
  - IQKeyboardManagerSwift
  - JGProgressHUD
  - MessageKit
  - SnapKit

SPEC REPOS:
  trunk:
    - Alamofire
    - BSImagePicker
    - GMStepper
    - InputBarAccessoryView
    - IQKeyboardManagerSwift
    - JGProgressHUD
    - MessageKit
    - SnapKit

SPEC CHECKSUMS:
  Alamofire: bfbc4c2fe5909b1d94fb4ef2277c6b3727ef5dae
  BSImagePicker: 0fe04b574d4d6b81093785d2af6c26227efc8428
  GMStepper: 89fb106944dfcc3aa3add7164e3ebd463ea2104b
  InputBarAccessoryView: 1f75d8c9f75e5e57f3ffac36ed58635a8005e0bc
  IQKeyboardManagerSwift: c7df9d2deb356c04522f5c4b7b6e4ce4d8ed94fe
  JGProgressHUD: d83d7a981b85d11205e19ff8ad5bb9c40571c847
  MessageKit: d153fbbbcb12f3f4045a1ba8874298924dacfb62
  SnapKit: 97b92857e3df3a0c71833cce143274bf6ef8e5eb

PODFILE CHECKSUM: 06ad2b7712bb2190ddac5ab1473f5e07c13d0d82

COCOAPODS: 1.10.1
