PODS:
  - Alamofire (5.4.2)
  - BSImagePicker (3.3.1)
  - Firebase/Analytics (7.10.0):
    - Firebase/Core
  - Firebase/Core (7.10.0):
    - Firebase/CoreOnly
    - FirebaseAnalytics (~> 7.10.0)
  - Firebase/CoreOnly (7.10.0):
    - FirebaseCore (= 7.10.0)
  - Firebase/Messaging (7.10.0):
    - Firebase/CoreOnly
    - FirebaseMessaging (~> 7.10.0)
  - FirebaseAnalytics (7.10.0):
    - FirebaseCore (~> 7.0)
    - FirebaseInstallations (~> 7.0)
    - GoogleAppMeasurement (= 7.10.0)
    - GoogleUtilities/AppDelegateSwizzler (~> 7.0)
    - GoogleUtilities/MethodSwizzler (~> 7.0)
    - GoogleUtilities/Network (~> 7.0)
    - "GoogleUtilities/NSData+zlib (~> 7.0)"
    - nanopb (~> 2.30908.0)
  - FirebaseCore (7.10.0):
    - FirebaseCoreDiagnostics (~> 7.4)
    - GoogleUtilities/Environment (~> 7.0)
    - GoogleUtilities/Logger (~> 7.0)
  - FirebaseCoreDiagnostics (7.10.0):
    - GoogleDataTransport (~> 8.4)
    - GoogleUtilities/Environment (~> 7.0)
    - GoogleUtilities/Logger (~> 7.0)
    - nanopb (~> 2.30908.0)
  - FirebaseInstallations (7.10.0):
    - FirebaseCore (~> 7.0)
    - GoogleUtilities/Environment (~> 7.0)
    - GoogleUtilities/UserDefaults (~> 7.0)
    - PromisesObjC (~> 1.2)
  - FirebaseInstanceID (7.11.0):
    - FirebaseCore (~> 7.0)
    - FirebaseInstallations (~> 7.0)
    - GoogleUtilities/Environment (~> 7.0)
    - GoogleUtilities/UserDefaults (~> 7.0)
  - FirebaseMessaging (7.10.0):
    - FirebaseCore (~> 7.0)
    - FirebaseInstanceID (~> 7.0)
    - GoogleUtilities/AppDelegateSwizzler (~> 7.0)
    - GoogleUtilities/Environment (~> 7.0)
    - GoogleUtilities/Reachability (~> 7.0)
    - GoogleUtilities/UserDefaults (~> 7.0)
  - GMStepper (2.2)
  - GoogleAppMeasurement (7.10.0):
    - GoogleUtilities/AppDelegateSwizzler (~> 7.0)
    - GoogleUtilities/MethodSwizzler (~> 7.0)
    - GoogleUtilities/Network (~> 7.0)
    - "GoogleUtilities/NSData+zlib (~> 7.0)"
    - nanopb (~> 2.30908.0)
  - GoogleDataTransport (8.4.0):
    - GoogleUtilities/Environment (~> 7.2)
    - nanopb (~> 2.30908.0)
    - PromisesObjC (~> 1.2)
  - GoogleUtilities/AppDelegateSwizzler (7.3.1):
    - GoogleUtilities/Environment
    - GoogleUtilities/Logger
    - GoogleUtilities/Network
  - GoogleUtilities/Environment (7.3.1):
    - PromisesObjC (~> 1.2)
  - GoogleUtilities/Logger (7.3.1):
    - GoogleUtilities/Environment
  - GoogleUtilities/MethodSwizzler (7.3.1):
    - GoogleUtilities/Logger
  - GoogleUtilities/Network (7.3.1):
    - GoogleUtilities/Logger
    - "GoogleUtilities/NSData+zlib"
    - GoogleUtilities/Reachability
  - "GoogleUtilities/NSData+zlib (7.3.1)"
  - GoogleUtilities/Reachability (7.3.1):
    - GoogleUtilities/Logger
  - GoogleUtilities/UserDefaults (7.3.1):
    - GoogleUtilities/Logger
  - ImageSlideshow (1.9.2):
    - ImageSlideshow/Core (= 1.9.2)
  - ImageSlideshow/Core (1.9.2)
  - ImageSlideshow/SDWebImage (1.9.2):
    - ImageSlideshow/Core
    - SDWebImage (>= 3.7)
  - InputBarAccessoryView (5.3.1):
    - InputBarAccessoryView/Core (= 5.3.1)
  - InputBarAccessoryView/Core (5.3.1)
  - IQKeyboardManagerSwift (6.5.6)
  - MessageKit (3.6.1):
    - InputBarAccessoryView (~> 5.3.1)
  - nanopb (2.30908.0):
    - nanopb/decode (= 2.30908.0)
    - nanopb/encode (= 2.30908.0)
  - nanopb/decode (2.30908.0)
  - nanopb/encode (2.30908.0)
  - ProgressHUD (13.6)
  - PromisesObjC (1.2.12)
  - SDWebImage (5.11.1):
    - SDWebImage/Core (= 5.11.1)
  - SDWebImage/Core (5.11.1)
  - SkeletonView (1.17.2)
  - SnackBar.swift (0.1.0):
    - SnapKit
  - SnapKit (5.0.1)
  - SPIndicator (1.1.4)
  - Starscream (4.0.4)
  - SwiftKeychainWrapper (4.0.1)
  - SwiftMessages (9.0.2):
    - SwiftMessages/App (= 9.0.2)
  - SwiftMessages/App (9.0.2)
  - SwiftyJSON (4.3.0)
  - ViewAnimator (3.0.2)

DEPENDENCIES:
  - Alamofire (~> 5.2)
  - BSImagePicker (~> 3.1)
  - Firebase/Analytics
  - Firebase/Core
  - Firebase/Messaging
  - GMStepper
  - ImageSlideshow (~> 1.9.0)
  - ImageSlideshow/SDWebImage
  - InputBarAccessoryView
  - IQKeyboardManagerSwift
  - MessageKit
  - ProgressHUD
  - SDWebImage (~> 5.0)
  - SkeletonView
  - SnackBar.swift
  - SPIndicator
  - Starscream (~> 4.0.0)
  - SwiftKeychainWrapper
  - SwiftMessages
  - SwiftyJSON (~> 4.0)
  - ViewAnimator

SPEC REPOS:
  trunk:
    - Alamofire
    - BSImagePicker
    - Firebase
    - FirebaseAnalytics
    - FirebaseCore
    - FirebaseCoreDiagnostics
    - FirebaseInstallations
    - FirebaseInstanceID
    - FirebaseMessaging
    - GMStepper
    - GoogleAppMeasurement
    - GoogleDataTransport
    - GoogleUtilities
    - ImageSlideshow
    - InputBarAccessoryView
    - IQKeyboardManagerSwift
    - MessageKit
    - nanopb
    - ProgressHUD
    - PromisesObjC
    - SDWebImage
    - SkeletonView
    - SnackBar.swift
    - SnapKit
    - SPIndicator
    - Starscream
    - SwiftKeychainWrapper
    - SwiftMessages
    - SwiftyJSON
    - ViewAnimator

SPEC CHECKSUMS:
  Alamofire: bfbc4c2fe5909b1d94fb4ef2277c6b3727ef5dae
  BSImagePicker: 0fe04b574d4d6b81093785d2af6c26227efc8428
  Firebase: fffddd0bab8677d07376538365faa93ff3889b39
  FirebaseAnalytics: 4641d7ae4220174f6ca5626163ffc5de2e90391e
  FirebaseCore: ec566d917b2195fc2610aeb148dae99f57a788f9
  FirebaseCoreDiagnostics: 5662a3823ffcc0acbaa9a21ba5ed302fac634705
  FirebaseInstallations: bf2ec8dbf36ff4c91af6b9a003d15855757680c1
  FirebaseInstanceID: ad5135045a498d7775903efd39762d2cdfa1be27
  FirebaseMessaging: 76b3058cef7f339cf10db196e03bbbb2165fb5d7
  GMStepper: 89fb106944dfcc3aa3add7164e3ebd463ea2104b
  GoogleAppMeasurement: 1c863b1161fc3c8cf614a7460d1be6a7c262aab3
  GoogleDataTransport: cd9db2180fcecd8da1b561aea31e3e56cf834aa7
  GoogleUtilities: e1d9ed4e544fc32a93e00e721400cbc3f377200d
  ImageSlideshow: be305b54eaf2b2cfc7a7141c7c734605d44dc07d
  InputBarAccessoryView: 1f75d8c9f75e5e57f3ffac36ed58635a8005e0bc
  IQKeyboardManagerSwift: c7df9d2deb356c04522f5c4b7b6e4ce4d8ed94fe
  MessageKit: d153fbbbcb12f3f4045a1ba8874298924dacfb62
  nanopb: a0ba3315591a9ae0a16a309ee504766e90db0c96
  ProgressHUD: 4bdaa0d2ddf676b23324b199f9facffb5c3a1620
  PromisesObjC: 3113f7f76903778cf4a0586bd1ab89329a0b7b97
  SDWebImage: a7f831e1a65eb5e285e3fb046a23fcfbf08e696d
  SkeletonView: 7aba21d10df8d0530189379ebe02e02a192d8132
  SnackBar.swift: 79ea4df13ea9e6633137dd6acbd490534d26440d
  SnapKit: 97b92857e3df3a0c71833cce143274bf6ef8e5eb
  SPIndicator: b702acd5374e2ca51e31660f454b6506402d7049
  Starscream: 5178aed56b316f13fa3bc55694e583d35dd414d9
  SwiftKeychainWrapper: 807ba1d63c33a7d0613288512399cd1eda1e470c
  SwiftMessages: 77b847d1405f99046ffbd0d856bc7d73e6892686
  SwiftyJSON: 6faa0040f8b59dead0ee07436cbf76b73c08fd08
  ViewAnimator: 16435576cd44fca0b0d63147d5031fd3e91d295a

PODFILE CHECKSUM: 577bda9ddce658b530e4f4fa0ad2b63b51c1dbff

COCOAPODS: 1.10.1
