// !$*UTF8*$!
{
	archiveVersion = 1;
	classes = {
	};
	objectVersion = 51;
	objects = {

/* Begin PBXBuildFile section */
		5E6905051027E70563E652B2 /* Pods_KNU_Market.framework in Frameworks */ = {isa = PBXBuildFile; fileRef = CBE1D0B088C71E5A52F0D900 /* Pods_KNU_Market.framework */; };
		7C036AB62696B64F00F6C29B /* MyPageTableViewCell.swift in Sources */ = {isa = PBXBuildFile; fileRef = 7C036AB52696B64F00F6C29B /* MyPageTableViewCell.swift */; };
		7C036AB82696BE4C00F6C29B /* Date Extension.swift in Sources */ = {isa = PBXBuildFile; fileRef = 7C036AB72696BE4C00F6C29B /* Date Extension.swift */; };
		7C036ABE269AB7CC00F6C29B /* GoogleService-Info.plist in Resources */ = {isa = PBXBuildFile; fileRef = 7C036ABD269AB7CC00F6C29B /* GoogleService-Info.plist */; };
		7C0E2DDD26B7B62600BB37FF /* Report.storyboard in Resources */ = {isa = PBXBuildFile; fileRef = 7C0E2DDC26B7B62600BB37FF /* Report.storyboard */; };
		7C0E2DDF26B7D92800BB37FF /* String Extension.swift in Sources */ = {isa = PBXBuildFile; fileRef = 7C0E2DDE26B7D92800BB37FF /* String Extension.swift */; };
		7C0F1CB426BA55D60068FF45 /* FindPasswordViewController.swift in Sources */ = {isa = PBXBuildFile; fileRef = 7C0F1CB326BA55D60068FF45 /* FindPasswordViewController.swift */; };
		7C0F1CB626BA64840068FF45 /* VerifyEmail.storyboard in Resources */ = {isa = PBXBuildFile; fileRef = 7C0F1CB526BA64840068FF45 /* VerifyEmail.storyboard */; };
		7C0F1CB826BA64B50068FF45 /* VerifyEmailViewController.swift in Sources */ = {isa = PBXBuildFile; fileRef = 7C0F1CB726BA64B50068FF45 /* VerifyEmailViewController.swift */; };
		7C0F1CBA26BA6B310068FF45 /* NotificationName Extension .swift in Sources */ = {isa = PBXBuildFile; fileRef = 7C0F1CB926BA6B310068FF45 /* NotificationName Extension .swift */; };
		7C132BF2265397B200BE5F40 /* Global Methods + Variables.swift in Sources */ = {isa = PBXBuildFile; fileRef = 7C132BF1265397B200BE5F40 /* Global Methods + Variables.swift */; };
		7C132BF426552B4900BE5F40 /* UIButton Extension.swift in Sources */ = {isa = PBXBuildFile; fileRef = 7C132BF326552B4900BE5F40 /* UIButton Extension.swift */; };
		7C184B8326B103F1006C0FAD /* Room.swift in Sources */ = {isa = PBXBuildFile; fileRef = 7C184B8226B103F1006C0FAD /* Room.swift */; };
		7C184B8526B27B8B006C0FAD /* Chat.storyboard in Resources */ = {isa = PBXBuildFile; fileRef = 7C184B8426B27B8B006C0FAD /* Chat.storyboard */; };
		7C1C1D0C265E70E000C08C66 /* SettingsViewController.swift in Sources */ = {isa = PBXBuildFile; fileRef = 7C1C1D0B265E70DF00C08C66 /* SettingsViewController.swift */; };
		7C1C1D0E265E712000C08C66 /* ChangeNicknameViewController.swift in Sources */ = {isa = PBXBuildFile; fileRef = 7C1C1D0D265E711F00C08C66 /* ChangeNicknameViewController.swift */; };
		7C1C1D10265E712D00C08C66 /* ChangePasswordViewController.swift in Sources */ = {isa = PBXBuildFile; fileRef = 7C1C1D0F265E712D00C08C66 /* ChangePasswordViewController.swift */; };
		7C1C1D12265E714000C08C66 /* TermsAndConditionsViewController.swift in Sources */ = {isa = PBXBuildFile; fileRef = 7C1C1D11265E714000C08C66 /* TermsAndConditionsViewController.swift */; };
		7C1D829526565429006FEBDE /* SendDeveloperMessageViewController.swift in Sources */ = {isa = PBXBuildFile; fileRef = 7C1D829426565428006FEBDE /* SendDeveloperMessageViewController.swift */; };
		7C1EEE4E26A68FB700775B11 /* MainTabBarViewController.swift in Sources */ = {isa = PBXBuildFile; fileRef = 7C1EEE4D26A68FB700775B11 /* MainTabBarViewController.swift */; };
		7C3758ED265FA97A0081A85D /* HomeViewModel.swift in Sources */ = {isa = PBXBuildFile; fileRef = 7C3758EC265FA97A0081A85D /* HomeViewModel.swift */; };
		7C3B4FE826A923AB00E2CA8F /* UserRegister.storyboard in Resources */ = {isa = PBXBuildFile; fileRef = 7C3B4FE726A923AB00E2CA8F /* UserRegister.storyboard */; };
		7C3B4FEA26A9289A00E2CA8F /* NickNameInputViewController.swift in Sources */ = {isa = PBXBuildFile; fileRef = 7C3B4FE926A9289A00E2CA8F /* NickNameInputViewController.swift */; };
		7C3B4FEC26A928A600E2CA8F /* PasswordInputViewController.swift in Sources */ = {isa = PBXBuildFile; fileRef = 7C3B4FEB26A928A600E2CA8F /* PasswordInputViewController.swift */; };
		7C3B4FEE26A928B700E2CA8F /* ProfilePictureInputViewController.swift in Sources */ = {isa = PBXBuildFile; fileRef = 7C3B4FED26A928B700E2CA8F /* ProfilePictureInputViewController.swift */; };
		7C3B4FF026A928C700E2CA8F /* EmailInputViewController.swift in Sources */ = {isa = PBXBuildFile; fileRef = 7C3B4FEF26A928C700E2CA8F /* EmailInputViewController.swift */; };
		7C3B4FF226A928D300E2CA8F /* CheckEmailViewController.swift in Sources */ = {isa = PBXBuildFile; fileRef = 7C3B4FF126A928D300E2CA8F /* CheckEmailViewController.swift */; };
		7C3B4FF426A928DD00E2CA8F /* CongratulateUserViewController.swift in Sources */ = {isa = PBXBuildFile; fileRef = 7C3B4FF326A928DD00E2CA8F /* CongratulateUserViewController.swift */; };
		7C3B4FF726A92C6C00E2CA8F /* UserRegisterValues.swift in Sources */ = {isa = PBXBuildFile; fileRef = 7C3B4FF626A92C6C00E2CA8F /* UserRegisterValues.swift */; };
		7C3B4FFC26A974F100E2CA8F /* UnregisterUser_InputPasswordViewController.swift in Sources */ = {isa = PBXBuildFile; fileRef = 7C3B4FFB26A974F100E2CA8F /* UnregisterUser_InputPasswordViewController.swift */; };
		7C3B4FFE26A9776D00E2CA8F /* UnregisterUser_InputSuggestionViewController.swift in Sources */ = {isa = PBXBuildFile; fileRef = 7C3B4FFD26A9776D00E2CA8F /* UnregisterUser_InputSuggestionViewController.swift */; };
		7C3D541D26C90B4900AE3E55 /* congratulate1.json in Resources */ = {isa = PBXBuildFile; fileRef = 7C3D541A26C90B4900AE3E55 /* congratulate1.json */; };
		7C3D541F26CA722B00AE3E55 /* CALayer Extension.swift in Sources */ = {isa = PBXBuildFile; fileRef = 7C3D541E26CA722B00AE3E55 /* CALayer Extension.swift */; };
		7C3D985E26AE793D005DFAE0 /* RoomInfo.swift in Sources */ = {isa = PBXBuildFile; fileRef = 7C3D985D26AE793D005DFAE0 /* RoomInfo.swift */; };
		7C3D986026AE89B5005DFAE0 /* ChatMemberTableViewCell.swift in Sources */ = {isa = PBXBuildFile; fileRef = 7C3D985F26AE89B4005DFAE0 /* ChatMemberTableViewCell.swift */; };
		7C3D986226AE8A42005DFAE0 /* ChatMemberViewController.swift in Sources */ = {isa = PBXBuildFile; fileRef = 7C3D986126AE8A42005DFAE0 /* ChatMemberViewController.swift */; };
		7C3D986426AE9F2E005DFAE0 /* LoadOtherUserProfileModel.swift in Sources */ = {isa = PBXBuildFile; fileRef = 7C3D986326AE9F2E005DFAE0 /* LoadOtherUserProfileModel.swift */; };
		7C4012852656A4C6006B0473 /* MyPageViewModel.swift in Sources */ = {isa = PBXBuildFile; fileRef = 7C4012842656A4C6006B0473 /* MyPageViewModel.swift */; };
		7C436B5826820E5200943069 /* ReportManager.swift in Sources */ = {isa = PBXBuildFile; fileRef = 7C436B5726820E5200943069 /* ReportManager.swift */; };
		7C436B5B26820F9D00943069 /* ReportUserRequestDTO.swift in Sources */ = {isa = PBXBuildFile; fileRef = 7C436B5A26820F9D00943069 /* ReportUserRequestDTO.swift */; };
		7C516C3B267F48310065E30D /* ReportUserViewController.swift in Sources */ = {isa = PBXBuildFile; fileRef = 7C516C3A267F48300065E30D /* ReportUserViewController.swift */; };
		7C516C3D267F649C0065E30D /* PhotoDetailViewController.swift in Sources */ = {isa = PBXBuildFile; fileRef = 7C516C3C267F649C0065E30D /* PhotoDetailViewController.swift */; };
		7C55545D266CDFD100C3C5B6 /* UploadItemRequestDTO.swift in Sources */ = {isa = PBXBuildFile; fileRef = 7C55545C266CDFD100C3C5B6 /* UploadItemRequestDTO.swift */; };
		7C55545F266CEADF00C3C5B6 /* UILabel Extension.swift in Sources */ = {isa = PBXBuildFile; fileRef = 7C55545E266CEADF00C3C5B6 /* UILabel Extension.swift */; };
		7C555462266CFC0500C3C5B6 /* HTTPHeaderKeys.swift in Sources */ = {isa = PBXBuildFile; fileRef = 7C555461266CFC0500C3C5B6 /* HTTPHeaderKeys.swift */; };
		7C555465266D0A1400C3C5B6 /* Location.swift in Sources */ = {isa = PBXBuildFile; fileRef = 7C555464266D0A1400C3C5B6 /* Location.swift */; };
		7C555467266D1A8700C3C5B6 /* MediaManager.swift in Sources */ = {isa = PBXBuildFile; fileRef = 7C555466266D1A8600C3C5B6 /* MediaManager.swift */; };
		7C5E2127264645B300E98FE5 /* ItemViewController.swift in Sources */ = {isa = PBXBuildFile; fileRef = 7C5E2126264645B300E98FE5 /* ItemViewController.swift */; };
		7C5E21292646558700E98FE5 /* ItemViewModel.swift in Sources */ = {isa = PBXBuildFile; fileRef = 7C5E21282646558600E98FE5 /* ItemViewModel.swift */; };
		7C60DC702692BCEE001DEA9A /* ChatViewModel.swift in Sources */ = {isa = PBXBuildFile; fileRef = 7C60DC6F2692BCEE001DEA9A /* ChatViewModel.swift */; };
		7C60DC7426944C82001DEA9A /* OpenSourceInfoViewController.swift in Sources */ = {isa = PBXBuildFile; fileRef = 7C60DC7326944C82001DEA9A /* OpenSourceInfoViewController.swift */; };
		7C60DC7626944C8E001DEA9A /* DeveloperInfoViewController.swift in Sources */ = {isa = PBXBuildFile; fileRef = 7C60DC7526944C8E001DEA9A /* DeveloperInfoViewController.swift */; };
		7C60DC7826944C99001DEA9A /* MyPostsViewController.swift in Sources */ = {isa = PBXBuildFile; fileRef = 7C60DC7726944C99001DEA9A /* MyPostsViewController.swift */; };
		7C6B50A02652B17F0032328C /* UIImage Extension.swift in Sources */ = {isa = PBXBuildFile; fileRef = 7C6B509F2652B17F0032328C /* UIImage Extension.swift */; };
		7C6D2537268DD6710030F9A1 /* ItemList.storyboard in Resources */ = {isa = PBXBuildFile; fileRef = 7C6D2536268DD6710030F9A1 /* ItemList.storyboard */; };
		7C6D2539268DD6830030F9A1 /* ChatList.storyboard in Resources */ = {isa = PBXBuildFile; fileRef = 7C6D2538268DD6830030F9A1 /* ChatList.storyboard */; };
		7C6D253B268DD68A0030F9A1 /* MyPage.storyboard in Resources */ = {isa = PBXBuildFile; fileRef = 7C6D253A268DD68A0030F9A1 /* MyPage.storyboard */; };
		7C71996F2679CAEC000BEE64 /* Animations.swift in Sources */ = {isa = PBXBuildFile; fileRef = 7C71996E2679CAEC000BEE64 /* Animations.swift */; };
		7C719971267A1678000BEE64 /* ItemDetailModel.swift in Sources */ = {isa = PBXBuildFile; fileRef = 7C719970267A1678000BEE64 /* ItemDetailModel.swift */; };
		7C833686266208210032308D /* Interceptor.swift in Sources */ = {isa = PBXBuildFile; fileRef = 7C833685266208210032308D /* Interceptor.swift */; };
		7C8839DE2643CB0400F9F78C /* AddImageButtonCollectionViewCell.swift in Sources */ = {isa = PBXBuildFile; fileRef = 7C8839DC2643CB0400F9F78C /* AddImageButtonCollectionViewCell.swift */; };
		7C8839DF2643CB0400F9F78C /* UserPickedItemImageCollectionViewCell.swift in Sources */ = {isa = PBXBuildFile; fileRef = 7C8839DD2643CB0400F9F78C /* UserPickedItemImageCollectionViewCell.swift */; };
		7C8839E32643CBC300F9F78C /* UploadItemViewController.swift in Sources */ = {isa = PBXBuildFile; fileRef = 7C8839E22643CBC300F9F78C /* UploadItemViewController.swift */; };
		7C8839E62643CD7700F9F78C /* UploadItemViewModel.swift in Sources */ = {isa = PBXBuildFile; fileRef = 7C8839E52643CD7700F9F78C /* UploadItemViewModel.swift */; };
		7C9BBB3F26C162BB001C54E6 /* UpdatePostRequestDTO.swift in Sources */ = {isa = PBXBuildFile; fileRef = 7C9BBB3E26C162BB001C54E6 /* UpdatePostRequestDTO.swift */; };
		7C9BBB4126C27BD1001C54E6 /* UITableView Extension.swift in Sources */ = {isa = PBXBuildFile; fileRef = 7C9BBB4026C27BD0001C54E6 /* UITableView Extension.swift */; };
		7CA661F1263D4387000E0B7A /* AppDelegate.swift in Sources */ = {isa = PBXBuildFile; fileRef = 7CA661F0263D4387000E0B7A /* AppDelegate.swift */; };
		7CA661F3263D4387000E0B7A /* SceneDelegate.swift in Sources */ = {isa = PBXBuildFile; fileRef = 7CA661F2263D4387000E0B7A /* SceneDelegate.swift */; };
		7CA661F5263D4387000E0B7A /* InitialViewController.swift in Sources */ = {isa = PBXBuildFile; fileRef = 7CA661F4263D4387000E0B7A /* InitialViewController.swift */; };
		7CA661F8263D4387000E0B7A /* Main.storyboard in Resources */ = {isa = PBXBuildFile; fileRef = 7CA661F6263D4387000E0B7A /* Main.storyboard */; };
		7CA661FA263D4389000E0B7A /* Assets.xcassets in Resources */ = {isa = PBXBuildFile; fileRef = 7CA661F9263D4389000E0B7A /* Assets.xcassets */; };
		7CA661FD263D4389000E0B7A /* LaunchScreen.storyboard in Resources */ = {isa = PBXBuildFile; fileRef = 7CA661FB263D4389000E0B7A /* LaunchScreen.storyboard */; };
		7CA6622E26413597000E0B7A /* LoginViewController.swift in Sources */ = {isa = PBXBuildFile; fileRef = 7CA6622D26413597000E0B7A /* LoginViewController.swift */; };
		7CA662312641359F000E0B7A /* RegisterViewController.swift in Sources */ = {isa = PBXBuildFile; fileRef = 7CA662302641359F000E0B7A /* RegisterViewController.swift */; };
		7CA66234264135AA000E0B7A /* HomeViewController.swift in Sources */ = {isa = PBXBuildFile; fileRef = 7CA66233264135AA000E0B7A /* HomeViewController.swift */; };
		7CA66237264136BF000E0B7A /* MyPageViewController.swift in Sources */ = {isa = PBXBuildFile; fileRef = 7CA66236264136BF000E0B7A /* MyPageViewController.swift */; };
		7CA6623A264136C7000E0B7A /* ChatListViewController.swift in Sources */ = {isa = PBXBuildFile; fileRef = 7CA66239264136C7000E0B7A /* ChatListViewController.swift */; };
		7CA6624326413C47000E0B7A /* NetworkError.swift in Sources */ = {isa = PBXBuildFile; fileRef = 7CA6624226413C47000E0B7A /* NetworkError.swift */; };
		7CA6624726413C5A000E0B7A /* UserManager.swift in Sources */ = {isa = PBXBuildFile; fileRef = 7CA6624626413C5A000E0B7A /* UserManager.swift */; };
		7CA6624C26413D05000E0B7A /* UserInputError.swift in Sources */ = {isa = PBXBuildFile; fileRef = 7CA6624B26413D05000E0B7A /* UserInputError.swift */; };
		7CA6624F26413F03000E0B7A /* Constants.swift in Sources */ = {isa = PBXBuildFile; fileRef = 7CA6624E26413F03000E0B7A /* Constants.swift */; };
		7CA78FF626CDFC510019B06F /* AlertViewController.swift in Sources */ = {isa = PBXBuildFile; fileRef = 7CA78FF526CDFC510019B06F /* AlertViewController.swift */; };
		7CA78FF826CE02D10019B06F /* KMBodyLabel.swift in Sources */ = {isa = PBXBuildFile; fileRef = 7CA78FF726CE02D10019B06F /* KMBodyLabel.swift */; };
		7CA78FFA26CE02EC0019B06F /* KMTitleLabel.swift in Sources */ = {isa = PBXBuildFile; fileRef = 7CA78FF926CE02EC0019B06F /* KMTitleLabel.swift */; };
		7CA78FFC26CE03260019B06F /* KMButton.swift in Sources */ = {isa = PBXBuildFile; fileRef = 7CA78FFB26CE03260019B06F /* KMButton.swift */; };
		7CAC1E74265BC84800EAA3A5 /* ItemTableViewModel.swift in Sources */ = {isa = PBXBuildFile; fileRef = 7CAC1E73265BC84800EAA3A5 /* ItemTableViewModel.swift */; };
		7CB8DF36264BAB760001CC6D /* UIViewController Extension.swift in Sources */ = {isa = PBXBuildFile; fileRef = 7CB8DF35264BAB760001CC6D /* UIViewController Extension.swift */; };
		7CB8DF38264BB0300001CC6D /* ItemManager.swift in Sources */ = {isa = PBXBuildFile; fileRef = 7CB8DF37264BB0300001CC6D /* ItemManager.swift */; };
		7CB8DF3A264BB0360001CC6D /* ChatManager.swift in Sources */ = {isa = PBXBuildFile; fileRef = 7CB8DF39264BB0360001CC6D /* ChatManager.swift */; };
		7CB8DF3E264BB1970001CC6D /* RegisterRequestDTO.swift in Sources */ = {isa = PBXBuildFile; fileRef = 7CB8DF3D264BB1970001CC6D /* RegisterRequestDTO.swift */; };
		7CB8DF42264BEC870001CC6D /* User.swift in Sources */ = {isa = PBXBuildFile; fileRef = 7CB8DF41264BEC870001CC6D /* User.swift */; };
		7CB8DF46264BEFEC0001CC6D /* LoadProfileResponseModel.swift in Sources */ = {isa = PBXBuildFile; fileRef = 7CB8DF45264BEFEC0001CC6D /* LoadProfileResponseModel.swift */; };
		7CB8DF5F264CE5E80001CC6D /* ChatViewController.swift in Sources */ = {isa = PBXBuildFile; fileRef = 7CB8DF5E264CE5E80001CC6D /* ChatViewController.swift */; };
		7CB8DF61264D02690001CC6D /* Message.swift in Sources */ = {isa = PBXBuildFile; fileRef = 7CB8DF60264D02690001CC6D /* Message.swift */; };
		7CB8DF63264D02AF0001CC6D /* Sender.swift in Sources */ = {isa = PBXBuildFile; fileRef = 7CB8DF62264D02AF0001CC6D /* Sender.swift */; };
		7CB8DF732650E1E20001CC6D /* RegisterViewModel.swift in Sources */ = {isa = PBXBuildFile; fileRef = 7CB8DF722650E1E20001CC6D /* RegisterViewModel.swift */; };
		7CB8DF752650E1EB0001CC6D /* LoginViewModel.swift in Sources */ = {isa = PBXBuildFile; fileRef = 7CB8DF742650E1EB0001CC6D /* LoginViewModel.swift */; };
		7CC05E9A26B6D91800BE9288 /* EditPostModel.swift in Sources */ = {isa = PBXBuildFile; fileRef = 7CC05E9926B6D91800BE9288 /* EditPostModel.swift */; };
		7CC1B59826D4C7000007F99B /* EmptySearchView.swift in Sources */ = {isa = PBXBuildFile; fileRef = 7CC1B59726D4C7000007F99B /* EmptySearchView.swift */; };
		7CC1B59A26D4CB1E0007F99B /* EmptySearchView.xib in Resources */ = {isa = PBXBuildFile; fileRef = 7CC1B59926D4CB1E0007F99B /* EmptySearchView.xib */; };
		7CCB02082674CE5D00D58BC2 /* ItemListModel.swift in Sources */ = {isa = PBXBuildFile; fileRef = 7CCB02072674CE5D00D58BC2 /* ItemListModel.swift */; };
		7CCDB1E826A2B9AE0092F28D /* SearchPostViewController.swift in Sources */ = {isa = PBXBuildFile; fileRef = 7CCDB1E726A2B9AE0092F28D /* SearchPostViewController.swift */; };
		7CCDB1EA26A2BCD30092F28D /* ChatTableViewCell.swift in Sources */ = {isa = PBXBuildFile; fileRef = 7CCDB1E926A2BCD30092F28D /* ChatTableViewCell.swift */; };
		7CCDB1EF26A2BD0C0092F28D /* ItemTableViewCell.swift in Sources */ = {isa = PBXBuildFile; fileRef = 7CCDB1ED26A2BD0C0092F28D /* ItemTableViewCell.swift */; };
		7CCDB1F026A2BD0C0092F28D /* ItemTableViewCell.xib in Resources */ = {isa = PBXBuildFile; fileRef = 7CCDB1EE26A2BD0C0092F28D /* ItemTableViewCell.xib */; };
		7CCDB1F226A2C1500092F28D /* SearchPostViewModel.swift in Sources */ = {isa = PBXBuildFile; fileRef = 7CCDB1F126A2C1500092F28D /* SearchPostViewModel.swift */; };
		7CD1522726AA99EB00F2C466 /* ChatResponseModel.swift in Sources */ = {isa = PBXBuildFile; fileRef = 7CD1522626AA99EB00F2C466 /* ChatResponseModel.swift */; };
		7CD1522926AA9D4B00F2C466 /* ChatRooms.swift in Sources */ = {isa = PBXBuildFile; fileRef = 7CD1522826AA9D4B00F2C466 /* ChatRooms.swift */; };
		7CD1522B26AA9DB400F2C466 /* ChatListViewModel.swift in Sources */ = {isa = PBXBuildFile; fileRef = 7CD1522A26AA9DB400F2C466 /* ChatListViewModel.swift */; };
		7CDADA0726BE623100F7F58F /* DateHelper Extension.swift in Sources */ = {isa = PBXBuildFile; fileRef = 7CDADA0626BE623100F7F58F /* DateHelper Extension.swift */; };
/* End PBXBuildFile section */

/* Begin PBXFileReference section */
		0CF9625A9653E09453A9580D /* Pods-KNU_Market.debug.xcconfig */ = {isa = PBXFileReference; includeInIndex = 1; lastKnownFileType = text.xcconfig; name = "Pods-KNU_Market.debug.xcconfig"; path = "Target Support Files/Pods-KNU_Market/Pods-KNU_Market.debug.xcconfig"; sourceTree = "<group>"; };
		7C036AB52696B64F00F6C29B /* MyPageTableViewCell.swift */ = {isa = PBXFileReference; lastKnownFileType = sourcecode.swift; path = MyPageTableViewCell.swift; sourceTree = "<group>"; };
		7C036AB72696BE4C00F6C29B /* Date Extension.swift */ = {isa = PBXFileReference; lastKnownFileType = sourcecode.swift; path = "Date Extension.swift"; sourceTree = "<group>"; };
		7C036ABD269AB7CC00F6C29B /* GoogleService-Info.plist */ = {isa = PBXFileReference; lastKnownFileType = text.plist; name = "GoogleService-Info.plist"; path = "APN Key/GoogleService-Info.plist"; sourceTree = SOURCE_ROOT; };
		7C0E2DDC26B7B62600BB37FF /* Report.storyboard */ = {isa = PBXFileReference; lastKnownFileType = file.storyboard; path = Report.storyboard; sourceTree = "<group>"; };
		7C0E2DDE26B7D92800BB37FF /* String Extension.swift */ = {isa = PBXFileReference; lastKnownFileType = sourcecode.swift; path = "String Extension.swift"; sourceTree = "<group>"; };
		7C0F1CB326BA55D60068FF45 /* FindPasswordViewController.swift */ = {isa = PBXFileReference; lastKnownFileType = sourcecode.swift; path = FindPasswordViewController.swift; sourceTree = "<group>"; };
		7C0F1CB526BA64840068FF45 /* VerifyEmail.storyboard */ = {isa = PBXFileReference; lastKnownFileType = file.storyboard; path = VerifyEmail.storyboard; sourceTree = "<group>"; };
		7C0F1CB726BA64B50068FF45 /* VerifyEmailViewController.swift */ = {isa = PBXFileReference; lastKnownFileType = sourcecode.swift; path = VerifyEmailViewController.swift; sourceTree = "<group>"; };
		7C0F1CB926BA6B310068FF45 /* NotificationName Extension .swift */ = {isa = PBXFileReference; lastKnownFileType = sourcecode.swift; path = "NotificationName Extension .swift"; sourceTree = "<group>"; };
		7C132BF1265397B200BE5F40 /* Global Methods + Variables.swift */ = {isa = PBXFileReference; lastKnownFileType = sourcecode.swift; path = "Global Methods + Variables.swift"; sourceTree = "<group>"; };
		7C132BF326552B4900BE5F40 /* UIButton Extension.swift */ = {isa = PBXFileReference; lastKnownFileType = sourcecode.swift; path = "UIButton Extension.swift"; sourceTree = "<group>"; };
		7C184B8226B103F1006C0FAD /* Room.swift */ = {isa = PBXFileReference; lastKnownFileType = sourcecode.swift; path = Room.swift; sourceTree = "<group>"; };
		7C184B8426B27B8B006C0FAD /* Chat.storyboard */ = {isa = PBXFileReference; lastKnownFileType = file.storyboard; path = Chat.storyboard; sourceTree = "<group>"; };
		7C1C1D0B265E70DF00C08C66 /* SettingsViewController.swift */ = {isa = PBXFileReference; lastKnownFileType = sourcecode.swift; path = SettingsViewController.swift; sourceTree = "<group>"; };
		7C1C1D0D265E711F00C08C66 /* ChangeNicknameViewController.swift */ = {isa = PBXFileReference; lastKnownFileType = sourcecode.swift; path = ChangeNicknameViewController.swift; sourceTree = "<group>"; };
		7C1C1D0F265E712D00C08C66 /* ChangePasswordViewController.swift */ = {isa = PBXFileReference; lastKnownFileType = sourcecode.swift; path = ChangePasswordViewController.swift; sourceTree = "<group>"; };
		7C1C1D11265E714000C08C66 /* TermsAndConditionsViewController.swift */ = {isa = PBXFileReference; lastKnownFileType = sourcecode.swift; path = TermsAndConditionsViewController.swift; sourceTree = "<group>"; };
		7C1D829426565428006FEBDE /* SendDeveloperMessageViewController.swift */ = {isa = PBXFileReference; lastKnownFileType = sourcecode.swift; path = SendDeveloperMessageViewController.swift; sourceTree = "<group>"; };
		7C1EEE4D26A68FB700775B11 /* MainTabBarViewController.swift */ = {isa = PBXFileReference; lastKnownFileType = sourcecode.swift; path = MainTabBarViewController.swift; sourceTree = "<group>"; };
		7C3758EC265FA97A0081A85D /* HomeViewModel.swift */ = {isa = PBXFileReference; lastKnownFileType = sourcecode.swift; path = HomeViewModel.swift; sourceTree = "<group>"; };
		7C3B4FE726A923AB00E2CA8F /* UserRegister.storyboard */ = {isa = PBXFileReference; lastKnownFileType = file.storyboard; path = UserRegister.storyboard; sourceTree = "<group>"; };
		7C3B4FE926A9289A00E2CA8F /* NickNameInputViewController.swift */ = {isa = PBXFileReference; lastKnownFileType = sourcecode.swift; path = NickNameInputViewController.swift; sourceTree = "<group>"; };
		7C3B4FEB26A928A600E2CA8F /* PasswordInputViewController.swift */ = {isa = PBXFileReference; lastKnownFileType = sourcecode.swift; path = PasswordInputViewController.swift; sourceTree = "<group>"; };
		7C3B4FED26A928B700E2CA8F /* ProfilePictureInputViewController.swift */ = {isa = PBXFileReference; lastKnownFileType = sourcecode.swift; path = ProfilePictureInputViewController.swift; sourceTree = "<group>"; };
		7C3B4FEF26A928C700E2CA8F /* EmailInputViewController.swift */ = {isa = PBXFileReference; lastKnownFileType = sourcecode.swift; path = EmailInputViewController.swift; sourceTree = "<group>"; };
		7C3B4FF126A928D300E2CA8F /* CheckEmailViewController.swift */ = {isa = PBXFileReference; lastKnownFileType = sourcecode.swift; path = CheckEmailViewController.swift; sourceTree = "<group>"; };
		7C3B4FF326A928DD00E2CA8F /* CongratulateUserViewController.swift */ = {isa = PBXFileReference; lastKnownFileType = sourcecode.swift; path = CongratulateUserViewController.swift; sourceTree = "<group>"; };
		7C3B4FF626A92C6C00E2CA8F /* UserRegisterValues.swift */ = {isa = PBXFileReference; lastKnownFileType = sourcecode.swift; path = UserRegisterValues.swift; sourceTree = "<group>"; };
		7C3B4FFB26A974F100E2CA8F /* UnregisterUser_InputPasswordViewController.swift */ = {isa = PBXFileReference; lastKnownFileType = sourcecode.swift; path = UnregisterUser_InputPasswordViewController.swift; sourceTree = "<group>"; };
		7C3B4FFD26A9776D00E2CA8F /* UnregisterUser_InputSuggestionViewController.swift */ = {isa = PBXFileReference; lastKnownFileType = sourcecode.swift; path = UnregisterUser_InputSuggestionViewController.swift; sourceTree = "<group>"; };
		7C3D541A26C90B4900AE3E55 /* congratulate1.json */ = {isa = PBXFileReference; fileEncoding = 4; lastKnownFileType = text.json; path = congratulate1.json; sourceTree = "<group>"; };
		7C3D541E26CA722B00AE3E55 /* CALayer Extension.swift */ = {isa = PBXFileReference; lastKnownFileType = sourcecode.swift; path = "CALayer Extension.swift"; sourceTree = "<group>"; };
		7C3D985D26AE793D005DFAE0 /* RoomInfo.swift */ = {isa = PBXFileReference; lastKnownFileType = sourcecode.swift; path = RoomInfo.swift; sourceTree = "<group>"; };
		7C3D985F26AE89B4005DFAE0 /* ChatMemberTableViewCell.swift */ = {isa = PBXFileReference; lastKnownFileType = sourcecode.swift; path = ChatMemberTableViewCell.swift; sourceTree = "<group>"; };
		7C3D986126AE8A42005DFAE0 /* ChatMemberViewController.swift */ = {isa = PBXFileReference; lastKnownFileType = sourcecode.swift; path = ChatMemberViewController.swift; sourceTree = "<group>"; };
		7C3D986326AE9F2E005DFAE0 /* LoadOtherUserProfileModel.swift */ = {isa = PBXFileReference; lastKnownFileType = sourcecode.swift; path = LoadOtherUserProfileModel.swift; sourceTree = "<group>"; };
		7C4012842656A4C6006B0473 /* MyPageViewModel.swift */ = {isa = PBXFileReference; lastKnownFileType = sourcecode.swift; path = MyPageViewModel.swift; sourceTree = "<group>"; };
		7C436B5726820E5200943069 /* ReportManager.swift */ = {isa = PBXFileReference; lastKnownFileType = sourcecode.swift; path = ReportManager.swift; sourceTree = "<group>"; };
		7C436B5A26820F9D00943069 /* ReportUserRequestDTO.swift */ = {isa = PBXFileReference; lastKnownFileType = sourcecode.swift; path = ReportUserRequestDTO.swift; sourceTree = "<group>"; };
		7C516C3A267F48300065E30D /* ReportUserViewController.swift */ = {isa = PBXFileReference; lastKnownFileType = sourcecode.swift; path = ReportUserViewController.swift; sourceTree = "<group>"; };
		7C516C3C267F649C0065E30D /* PhotoDetailViewController.swift */ = {isa = PBXFileReference; lastKnownFileType = sourcecode.swift; path = PhotoDetailViewController.swift; sourceTree = "<group>"; };
		7C55545C266CDFD100C3C5B6 /* UploadItemRequestDTO.swift */ = {isa = PBXFileReference; lastKnownFileType = sourcecode.swift; path = UploadItemRequestDTO.swift; sourceTree = "<group>"; };
		7C55545E266CEADF00C3C5B6 /* UILabel Extension.swift */ = {isa = PBXFileReference; lastKnownFileType = sourcecode.swift; path = "UILabel Extension.swift"; sourceTree = "<group>"; };
		7C555461266CFC0500C3C5B6 /* HTTPHeaderKeys.swift */ = {isa = PBXFileReference; lastKnownFileType = sourcecode.swift; path = HTTPHeaderKeys.swift; sourceTree = "<group>"; };
		7C555464266D0A1400C3C5B6 /* Location.swift */ = {isa = PBXFileReference; lastKnownFileType = sourcecode.swift; path = Location.swift; sourceTree = "<group>"; };
		7C555466266D1A8600C3C5B6 /* MediaManager.swift */ = {isa = PBXFileReference; lastKnownFileType = sourcecode.swift; path = MediaManager.swift; sourceTree = "<group>"; };
		7C5E2126264645B300E98FE5 /* ItemViewController.swift */ = {isa = PBXFileReference; lastKnownFileType = sourcecode.swift; path = ItemViewController.swift; sourceTree = "<group>"; };
		7C5E21282646558600E98FE5 /* ItemViewModel.swift */ = {isa = PBXFileReference; lastKnownFileType = sourcecode.swift; path = ItemViewModel.swift; sourceTree = "<group>"; };
		7C60DC6F2692BCEE001DEA9A /* ChatViewModel.swift */ = {isa = PBXFileReference; lastKnownFileType = sourcecode.swift; path = ChatViewModel.swift; sourceTree = "<group>"; };
		7C60DC7326944C82001DEA9A /* OpenSourceInfoViewController.swift */ = {isa = PBXFileReference; lastKnownFileType = sourcecode.swift; path = OpenSourceInfoViewController.swift; sourceTree = "<group>"; };
		7C60DC7526944C8E001DEA9A /* DeveloperInfoViewController.swift */ = {isa = PBXFileReference; lastKnownFileType = sourcecode.swift; path = DeveloperInfoViewController.swift; sourceTree = "<group>"; };
		7C60DC7726944C99001DEA9A /* MyPostsViewController.swift */ = {isa = PBXFileReference; lastKnownFileType = sourcecode.swift; path = MyPostsViewController.swift; sourceTree = "<group>"; };
		7C6B509F2652B17F0032328C /* UIImage Extension.swift */ = {isa = PBXFileReference; lastKnownFileType = sourcecode.swift; path = "UIImage Extension.swift"; sourceTree = "<group>"; };
		7C6D2536268DD6710030F9A1 /* ItemList.storyboard */ = {isa = PBXFileReference; lastKnownFileType = file.storyboard; path = ItemList.storyboard; sourceTree = "<group>"; };
		7C6D2538268DD6830030F9A1 /* ChatList.storyboard */ = {isa = PBXFileReference; lastKnownFileType = file.storyboard; path = ChatList.storyboard; sourceTree = "<group>"; };
		7C6D253A268DD68A0030F9A1 /* MyPage.storyboard */ = {isa = PBXFileReference; lastKnownFileType = file.storyboard; path = MyPage.storyboard; sourceTree = "<group>"; };
		7C71996E2679CAEC000BEE64 /* Animations.swift */ = {isa = PBXFileReference; lastKnownFileType = sourcecode.swift; path = Animations.swift; sourceTree = "<group>"; };
		7C719970267A1678000BEE64 /* ItemDetailModel.swift */ = {isa = PBXFileReference; lastKnownFileType = sourcecode.swift; path = ItemDetailModel.swift; sourceTree = "<group>"; };
		7C77E240266BB55600680A27 /* KNU_Market.entitlements */ = {isa = PBXFileReference; lastKnownFileType = text.plist.entitlements; path = KNU_Market.entitlements; sourceTree = "<group>"; };
		7C833685266208210032308D /* Interceptor.swift */ = {isa = PBXFileReference; lastKnownFileType = sourcecode.swift; path = Interceptor.swift; sourceTree = "<group>"; };
		7C8839DC2643CB0400F9F78C /* AddImageButtonCollectionViewCell.swift */ = {isa = PBXFileReference; fileEncoding = 4; lastKnownFileType = sourcecode.swift; path = AddImageButtonCollectionViewCell.swift; sourceTree = "<group>"; };
		7C8839DD2643CB0400F9F78C /* UserPickedItemImageCollectionViewCell.swift */ = {isa = PBXFileReference; fileEncoding = 4; lastKnownFileType = sourcecode.swift; path = UserPickedItemImageCollectionViewCell.swift; sourceTree = "<group>"; };
		7C8839E22643CBC300F9F78C /* UploadItemViewController.swift */ = {isa = PBXFileReference; lastKnownFileType = sourcecode.swift; path = UploadItemViewController.swift; sourceTree = "<group>"; };
		7C8839E52643CD7700F9F78C /* UploadItemViewModel.swift */ = {isa = PBXFileReference; lastKnownFileType = sourcecode.swift; path = UploadItemViewModel.swift; sourceTree = "<group>"; };
		7C9BBB3E26C162BB001C54E6 /* UpdatePostRequestDTO.swift */ = {isa = PBXFileReference; lastKnownFileType = sourcecode.swift; path = UpdatePostRequestDTO.swift; sourceTree = "<group>"; };
		7C9BBB4026C27BD0001C54E6 /* UITableView Extension.swift */ = {isa = PBXFileReference; lastKnownFileType = sourcecode.swift; path = "UITableView Extension.swift"; sourceTree = "<group>"; };
		7CA661ED263D4387000E0B7A /* KNU_Market.app */ = {isa = PBXFileReference; explicitFileType = wrapper.application; includeInIndex = 0; path = KNU_Market.app; sourceTree = BUILT_PRODUCTS_DIR; };
		7CA661F0263D4387000E0B7A /* AppDelegate.swift */ = {isa = PBXFileReference; lastKnownFileType = sourcecode.swift; path = AppDelegate.swift; sourceTree = "<group>"; };
		7CA661F2263D4387000E0B7A /* SceneDelegate.swift */ = {isa = PBXFileReference; lastKnownFileType = sourcecode.swift; path = SceneDelegate.swift; sourceTree = "<group>"; };
		7CA661F4263D4387000E0B7A /* InitialViewController.swift */ = {isa = PBXFileReference; lastKnownFileType = sourcecode.swift; path = InitialViewController.swift; sourceTree = "<group>"; };
		7CA661F7263D4387000E0B7A /* Base */ = {isa = PBXFileReference; lastKnownFileType = file.storyboard; name = Base; path = Base.lproj/Main.storyboard; sourceTree = "<group>"; };
		7CA661F9263D4389000E0B7A /* Assets.xcassets */ = {isa = PBXFileReference; lastKnownFileType = folder.assetcatalog; path = Assets.xcassets; sourceTree = "<group>"; };
		7CA661FC263D4389000E0B7A /* Base */ = {isa = PBXFileReference; lastKnownFileType = file.storyboard; name = Base; path = Base.lproj/LaunchScreen.storyboard; sourceTree = "<group>"; };
		7CA661FE263D4389000E0B7A /* Info.plist */ = {isa = PBXFileReference; lastKnownFileType = text.plist.xml; path = Info.plist; sourceTree = "<group>"; };
		7CA6622D26413597000E0B7A /* LoginViewController.swift */ = {isa = PBXFileReference; lastKnownFileType = sourcecode.swift; path = LoginViewController.swift; sourceTree = "<group>"; };
		7CA662302641359F000E0B7A /* RegisterViewController.swift */ = {isa = PBXFileReference; lastKnownFileType = sourcecode.swift; path = RegisterViewController.swift; sourceTree = "<group>"; };
		7CA66233264135AA000E0B7A /* HomeViewController.swift */ = {isa = PBXFileReference; lastKnownFileType = sourcecode.swift; path = HomeViewController.swift; sourceTree = "<group>"; };
		7CA66236264136BF000E0B7A /* MyPageViewController.swift */ = {isa = PBXFileReference; lastKnownFileType = sourcecode.swift; path = MyPageViewController.swift; sourceTree = "<group>"; };
		7CA66239264136C7000E0B7A /* ChatListViewController.swift */ = {isa = PBXFileReference; lastKnownFileType = sourcecode.swift; path = ChatListViewController.swift; sourceTree = "<group>"; };
		7CA6624226413C47000E0B7A /* NetworkError.swift */ = {isa = PBXFileReference; lastKnownFileType = sourcecode.swift; path = NetworkError.swift; sourceTree = "<group>"; };
		7CA6624626413C5A000E0B7A /* UserManager.swift */ = {isa = PBXFileReference; lastKnownFileType = sourcecode.swift; path = UserManager.swift; sourceTree = "<group>"; };
		7CA6624B26413D05000E0B7A /* UserInputError.swift */ = {isa = PBXFileReference; lastKnownFileType = sourcecode.swift; path = UserInputError.swift; sourceTree = "<group>"; };
		7CA6624E26413F03000E0B7A /* Constants.swift */ = {isa = PBXFileReference; lastKnownFileType = sourcecode.swift; path = Constants.swift; sourceTree = "<group>"; };
		7CA78FF526CDFC510019B06F /* AlertViewController.swift */ = {isa = PBXFileReference; lastKnownFileType = sourcecode.swift; path = AlertViewController.swift; sourceTree = "<group>"; };
		7CA78FF726CE02D10019B06F /* KMBodyLabel.swift */ = {isa = PBXFileReference; lastKnownFileType = sourcecode.swift; path = KMBodyLabel.swift; sourceTree = "<group>"; };
		7CA78FF926CE02EC0019B06F /* KMTitleLabel.swift */ = {isa = PBXFileReference; lastKnownFileType = sourcecode.swift; path = KMTitleLabel.swift; sourceTree = "<group>"; };
		7CA78FFB26CE03260019B06F /* KMButton.swift */ = {isa = PBXFileReference; lastKnownFileType = sourcecode.swift; path = KMButton.swift; sourceTree = "<group>"; };
		7CAC1E73265BC84800EAA3A5 /* ItemTableViewModel.swift */ = {isa = PBXFileReference; lastKnownFileType = sourcecode.swift; path = ItemTableViewModel.swift; sourceTree = "<group>"; };
		7CB8DF35264BAB760001CC6D /* UIViewController Extension.swift */ = {isa = PBXFileReference; lastKnownFileType = sourcecode.swift; path = "UIViewController Extension.swift"; sourceTree = "<group>"; };
		7CB8DF37264BB0300001CC6D /* ItemManager.swift */ = {isa = PBXFileReference; lastKnownFileType = sourcecode.swift; path = ItemManager.swift; sourceTree = "<group>"; };
		7CB8DF39264BB0360001CC6D /* ChatManager.swift */ = {isa = PBXFileReference; lastKnownFileType = sourcecode.swift; path = ChatManager.swift; sourceTree = "<group>"; };
		7CB8DF3D264BB1970001CC6D /* RegisterRequestDTO.swift */ = {isa = PBXFileReference; lastKnownFileType = sourcecode.swift; path = RegisterRequestDTO.swift; sourceTree = "<group>"; };
		7CB8DF41264BEC870001CC6D /* User.swift */ = {isa = PBXFileReference; lastKnownFileType = sourcecode.swift; path = User.swift; sourceTree = "<group>"; };
		7CB8DF45264BEFEC0001CC6D /* LoadProfileResponseModel.swift */ = {isa = PBXFileReference; lastKnownFileType = sourcecode.swift; path = LoadProfileResponseModel.swift; sourceTree = "<group>"; };
		7CB8DF5E264CE5E80001CC6D /* ChatViewController.swift */ = {isa = PBXFileReference; lastKnownFileType = sourcecode.swift; path = ChatViewController.swift; sourceTree = "<group>"; };
		7CB8DF60264D02690001CC6D /* Message.swift */ = {isa = PBXFileReference; lastKnownFileType = sourcecode.swift; path = Message.swift; sourceTree = "<group>"; };
		7CB8DF62264D02AF0001CC6D /* Sender.swift */ = {isa = PBXFileReference; lastKnownFileType = sourcecode.swift; path = Sender.swift; sourceTree = "<group>"; };
		7CB8DF722650E1E20001CC6D /* RegisterViewModel.swift */ = {isa = PBXFileReference; lastKnownFileType = sourcecode.swift; path = RegisterViewModel.swift; sourceTree = "<group>"; };
		7CB8DF742650E1EB0001CC6D /* LoginViewModel.swift */ = {isa = PBXFileReference; lastKnownFileType = sourcecode.swift; path = LoginViewModel.swift; sourceTree = "<group>"; };
		7CC05E9926B6D91800BE9288 /* EditPostModel.swift */ = {isa = PBXFileReference; lastKnownFileType = sourcecode.swift; path = EditPostModel.swift; sourceTree = "<group>"; };
		7CC1B59726D4C7000007F99B /* EmptySearchView.swift */ = {isa = PBXFileReference; lastKnownFileType = sourcecode.swift; path = EmptySearchView.swift; sourceTree = "<group>"; };
		7CC1B59926D4CB1E0007F99B /* EmptySearchView.xib */ = {isa = PBXFileReference; lastKnownFileType = file.xib; path = EmptySearchView.xib; sourceTree = "<group>"; };
		7CCB02072674CE5D00D58BC2 /* ItemListModel.swift */ = {isa = PBXFileReference; lastKnownFileType = sourcecode.swift; path = ItemListModel.swift; sourceTree = "<group>"; };
		7CCDB1E726A2B9AE0092F28D /* SearchPostViewController.swift */ = {isa = PBXFileReference; lastKnownFileType = sourcecode.swift; path = SearchPostViewController.swift; sourceTree = "<group>"; };
		7CCDB1E926A2BCD30092F28D /* ChatTableViewCell.swift */ = {isa = PBXFileReference; fileEncoding = 4; lastKnownFileType = sourcecode.swift; path = ChatTableViewCell.swift; sourceTree = "<group>"; };
		7CCDB1ED26A2BD0C0092F28D /* ItemTableViewCell.swift */ = {isa = PBXFileReference; lastKnownFileType = sourcecode.swift; path = ItemTableViewCell.swift; sourceTree = "<group>"; };
		7CCDB1EE26A2BD0C0092F28D /* ItemTableViewCell.xib */ = {isa = PBXFileReference; lastKnownFileType = file.xib; path = ItemTableViewCell.xib; sourceTree = "<group>"; };
		7CCDB1F126A2C1500092F28D /* SearchPostViewModel.swift */ = {isa = PBXFileReference; lastKnownFileType = sourcecode.swift; path = SearchPostViewModel.swift; sourceTree = "<group>"; };
		7CD1522626AA99EB00F2C466 /* ChatResponseModel.swift */ = {isa = PBXFileReference; lastKnownFileType = sourcecode.swift; path = ChatResponseModel.swift; sourceTree = "<group>"; };
		7CD1522826AA9D4B00F2C466 /* ChatRooms.swift */ = {isa = PBXFileReference; lastKnownFileType = sourcecode.swift; path = ChatRooms.swift; sourceTree = "<group>"; };
		7CD1522A26AA9DB400F2C466 /* ChatListViewModel.swift */ = {isa = PBXFileReference; lastKnownFileType = sourcecode.swift; path = ChatListViewModel.swift; sourceTree = "<group>"; };
		7CDADA0626BE623100F7F58F /* DateHelper Extension.swift */ = {isa = PBXFileReference; lastKnownFileType = sourcecode.swift; path = "DateHelper Extension.swift"; sourceTree = "<group>"; };
		96BAC897FCA7DC2BD1C84376 /* Pods-KNU_Market.release.xcconfig */ = {isa = PBXFileReference; includeInIndex = 1; lastKnownFileType = text.xcconfig; name = "Pods-KNU_Market.release.xcconfig"; path = "Target Support Files/Pods-KNU_Market/Pods-KNU_Market.release.xcconfig"; sourceTree = "<group>"; };
		CBE1D0B088C71E5A52F0D900 /* Pods_KNU_Market.framework */ = {isa = PBXFileReference; explicitFileType = wrapper.framework; includeInIndex = 0; path = Pods_KNU_Market.framework; sourceTree = BUILT_PRODUCTS_DIR; };
/* End PBXFileReference section */

/* Begin PBXFrameworksBuildPhase section */
		7CA661EA263D4387000E0B7A /* Frameworks */ = {
			isa = PBXFrameworksBuildPhase;
			buildActionMask = 2147483647;
			files = (
				5E6905051027E70563E652B2 /* Pods_KNU_Market.framework in Frameworks */,
			);
			runOnlyForDeploymentPostprocessing = 0;
		};
/* End PBXFrameworksBuildPhase section */

/* Begin PBXGroup section */
		7C036AB12696A90500F6C29B /* Response Models */ = {
			isa = PBXGroup;
			children = (
				7CD1522526AA99DA00F2C466 /* Chat Models */,
				7C036AB32696AAA000F6C29B /* User Models */,
				7C036AB22696AA8B00F6C29B /* Item Models */,
			);
			path = "Response Models";
			sourceTree = "<group>";
		};
		7C036AB22696AA8B00F6C29B /* Item Models */ = {
			isa = PBXGroup;
			children = (
				7CCB02072674CE5D00D58BC2 /* ItemListModel.swift */,
				7C719970267A1678000BEE64 /* ItemDetailModel.swift */,
			);
			path = "Item Models";
			sourceTree = "<group>";
		};
		7C036AB32696AAA000F6C29B /* User Models */ = {
			isa = PBXGroup;
			children = (
				7CB8DF45264BEFEC0001CC6D /* LoadProfileResponseModel.swift */,
				7C3D986326AE9F2E005DFAE0 /* LoadOtherUserProfileModel.swift */,
			);
			path = "User Models";
			sourceTree = "<group>";
		};
		7C132BF02653979B00BE5F40 /* Utilities + Extensions */ = {
			isa = PBXGroup;
			children = (
				7CB8DF34264BAB390001CC6D /* Extensions */,
				7C132BF1265397B200BE5F40 /* Global Methods + Variables.swift */,
				7C71996E2679CAEC000BEE64 /* Animations.swift */,
			);
			path = "Utilities + Extensions";
			sourceTree = "<group>";
		};
		7C3B4FF526A92C4100E2CA8F /* User Register */ = {
			isa = PBXGroup;
			children = (
				7C3B4FE926A9289A00E2CA8F /* NickNameInputViewController.swift */,
				7C3B4FEB26A928A600E2CA8F /* PasswordInputViewController.swift */,
				7C3B4FED26A928B700E2CA8F /* ProfilePictureInputViewController.swift */,
				7C3B4FEF26A928C700E2CA8F /* EmailInputViewController.swift */,
				7C3B4FF126A928D300E2CA8F /* CheckEmailViewController.swift */,
				7C3B4FF326A928DD00E2CA8F /* CongratulateUserViewController.swift */,
			);
			path = "User Register";
			sourceTree = "<group>";
		};
		7C3B4FF826A93CF100E2CA8F /* Lottie Files */ = {
			isa = PBXGroup;
			children = (
				7C3D541A26C90B4900AE3E55 /* congratulate1.json */,
			);
			path = "Lottie Files";
			sourceTree = "<group>";
		};
		7C4012832656A4B3006B0473 /* MyPageVM */ = {
			isa = PBXGroup;
			children = (
				7C4012842656A4C6006B0473 /* MyPageViewModel.swift */,
			);
			path = MyPageVM;
			sourceTree = "<group>";
		};
		7C4D13C5264524FA00CBB00A /* TableViewCells */ = {
			isa = PBXGroup;
			children = (
				7CCDB1E926A2BCD30092F28D /* ChatTableViewCell.swift */,
				7CAC1E73265BC84800EAA3A5 /* ItemTableViewModel.swift */,
				7C036AB52696B64F00F6C29B /* MyPageTableViewCell.swift */,
				7CCDB1ED26A2BD0C0092F28D /* ItemTableViewCell.swift */,
				7CCDB1EE26A2BD0C0092F28D /* ItemTableViewCell.xib */,
				7C3D985F26AE89B4005DFAE0 /* ChatMemberTableViewCell.swift */,
			);
			path = TableViewCells;
			sourceTree = "<group>";
		};
		7C555460266CFBE500C3C5B6 /* Chat Models */ = {
			isa = PBXGroup;
			children = (
				7CB8DF60264D02690001CC6D /* Message.swift */,
				7CB8DF62264D02AF0001CC6D /* Sender.swift */,
			);
			path = "Chat Models";
			sourceTree = "<group>";
		};
		7C5E21252646443900E98FE5 /* Assets */ = {
			isa = PBXGroup;
			children = (
				7CA661F9263D4389000E0B7A /* Assets.xcassets */,
			);
			path = Assets;
			sourceTree = "<group>";
		};
		7C60DC7126944C16001DEA9A /* Settings */ = {
			isa = PBXGroup;
			children = (
				7C1C1D0B265E70DF00C08C66 /* SettingsViewController.swift */,
				7C1C1D0D265E711F00C08C66 /* ChangeNicknameViewController.swift */,
				7C1C1D0F265E712D00C08C66 /* ChangePasswordViewController.swift */,
				7C3B4FFB26A974F100E2CA8F /* UnregisterUser_InputPasswordViewController.swift */,
				7C3B4FFD26A9776D00E2CA8F /* UnregisterUser_InputSuggestionViewController.swift */,
			);
			path = Settings;
			sourceTree = "<group>";
		};
		7C60DC7226944C62001DEA9A /* Others */ = {
			isa = PBXGroup;
			children = (
				7C516C3A267F48300065E30D /* ReportUserViewController.swift */,
				7C0F1CB726BA64B50068FF45 /* VerifyEmailViewController.swift */,
			);
			path = Others;
			sourceTree = "<group>";
		};
		7C6D253C269037750030F9A1 /* DTO (Data Transfer Object) */ = {
			isa = PBXGroup;
			children = (
				7CC05E9826B6D90800BE9288 /* Item Models */,
				7C555460266CFBE500C3C5B6 /* Chat Models */,
				7CB8DF3D264BB1970001CC6D /* RegisterRequestDTO.swift */,
				7C436B5A26820F9D00943069 /* ReportUserRequestDTO.swift */,
			);
			path = "DTO (Data Transfer Object)";
			sourceTree = "<group>";
		};
		7C8839DB2643CADB00F9F78C /* UserPickedItemImageViewCell */ = {
			isa = PBXGroup;
			children = (
				7C8839DC2643CB0400F9F78C /* AddImageButtonCollectionViewCell.swift */,
				7C8839DD2643CB0400F9F78C /* UserPickedItemImageCollectionViewCell.swift */,
			);
			path = UserPickedItemImageViewCell;
			sourceTree = "<group>";
		};
		7CA661E4263D4387000E0B7A = {
			isa = PBXGroup;
			children = (
				7CA661EF263D4387000E0B7A /* KNU_Market */,
				7CA661EE263D4387000E0B7A /* Products */,
				EF6E8F5DA035698264ED872C /* Pods */,
				B9AC8E9164D1E6F43C975A72 /* Frameworks */,
			);
			sourceTree = "<group>";
		};
		7CA661EE263D4387000E0B7A /* Products */ = {
			isa = PBXGroup;
			children = (
				7CA661ED263D4387000E0B7A /* KNU_Market.app */,
			);
			name = Products;
			sourceTree = "<group>";
		};
		7CA661EF263D4387000E0B7A /* KNU_Market */ = {
			isa = PBXGroup;
			children = (
				7C77E240266BB55600680A27 /* KNU_Market.entitlements */,
				7CA6624E26413F03000E0B7A /* Constants.swift */,
				7CA6622226413269000E0B7A /* View (Storyboards) */,
				7CA6622B26413302000E0B7A /* UI Related Files */,
				7CA6624A26413CEF000E0B7A /* Error Management Group */,
				7CA66228264132DC000E0B7A /* Network Group */,
				7CA6622326413272000E0B7A /* Model */,
				7CA6622A264132F3000E0B7A /* View Models */,
				7CA66229264132E6000E0B7A /* Controllers */,
				7C132BF02653979B00BE5F40 /* Utilities + Extensions */,
				7C3B4FF826A93CF100E2CA8F /* Lottie Files */,
				7C5E21252646443900E98FE5 /* Assets */,
				7CA661F0263D4387000E0B7A /* AppDelegate.swift */,
				7CA661F2263D4387000E0B7A /* SceneDelegate.swift */,
				7CA661FB263D4389000E0B7A /* LaunchScreen.storyboard */,
				7CA661FE263D4389000E0B7A /* Info.plist */,
				7C036ABD269AB7CC00F6C29B /* GoogleService-Info.plist */,
			);
			path = KNU_Market;
			sourceTree = "<group>";
		};
		7CA6622226413269000E0B7A /* View (Storyboards) */ = {
			isa = PBXGroup;
			children = (
				7CA661F6263D4387000E0B7A /* Main.storyboard */,
				7C3B4FE726A923AB00E2CA8F /* UserRegister.storyboard */,
				7C6D2536268DD6710030F9A1 /* ItemList.storyboard */,
				7C6D2538268DD6830030F9A1 /* ChatList.storyboard */,
				7C184B8426B27B8B006C0FAD /* Chat.storyboard */,
				7C6D253A268DD68A0030F9A1 /* MyPage.storyboard */,
				7C0E2DDC26B7B62600BB37FF /* Report.storyboard */,
				7C0F1CB526BA64840068FF45 /* VerifyEmail.storyboard */,
			);
			path = "View (Storyboards)";
			sourceTree = "<group>";
		};
		7CA6622326413272000E0B7A /* Model */ = {
			isa = PBXGroup;
			children = (
				7C6D253C269037750030F9A1 /* DTO (Data Transfer Object) */,
				7C036AB12696A90500F6C29B /* Response Models */,
				7C555464266D0A1400C3C5B6 /* Location.swift */,
				7CB8DF41264BEC870001CC6D /* User.swift */,
				7C3B4FF626A92C6C00E2CA8F /* UserRegisterValues.swift */,
				7C555461266CFC0500C3C5B6 /* HTTPHeaderKeys.swift */,
			);
			path = Model;
			sourceTree = "<group>";
		};
		7CA66228264132DC000E0B7A /* Network Group */ = {
			isa = PBXGroup;
			children = (
				7CA6624626413C5A000E0B7A /* UserManager.swift */,
				7CB8DF37264BB0300001CC6D /* ItemManager.swift */,
				7CB8DF39264BB0360001CC6D /* ChatManager.swift */,
				7C833685266208210032308D /* Interceptor.swift */,
				7C555466266D1A8600C3C5B6 /* MediaManager.swift */,
				7C436B5726820E5200943069 /* ReportManager.swift */,
			);
			path = "Network Group";
			sourceTree = "<group>";
		};
		7CA66229264132E6000E0B7A /* Controllers */ = {
			isa = PBXGroup;
			children = (
				7C1EEE4D26A68FB700775B11 /* MainTabBarViewController.swift */,
				7CD74E0C2645981700BD2DE4 /* Login+Register */,
				7CD74E0E2645983000BD2DE4 /* Item */,
				7CD74E0D2645982600BD2DE4 /* Chat */,
				7CD74E0F2645986A00BD2DE4 /* MyPage */,
				7C60DC7226944C62001DEA9A /* Others */,
			);
			path = Controllers;
			sourceTree = "<group>";
		};
		7CA6622A264132F3000E0B7A /* View Models */ = {
			isa = PBXGroup;
			children = (
				7C4012832656A4B3006B0473 /* MyPageVM */,
				7CB8DF712650E1CC0001CC6D /* Login+RegisterVM */,
				7CB8DF5D264C208A0001CC6D /* ChatVM */,
				7CB8DF5C264C207D0001CC6D /* ItemVM */,
			);
			path = "View Models";
			sourceTree = "<group>";
		};
		7CA6622B26413302000E0B7A /* UI Related Files */ = {
			isa = PBXGroup;
			children = (
				7CC1B59426D4B28F0007F99B /* Empty States */,
				7CC1B59126D225BE0007F99B /* Custom Alerts */,
				7C4D13C5264524FA00CBB00A /* TableViewCells */,
				7C8839DB2643CADB00F9F78C /* UserPickedItemImageViewCell */,
			);
			path = "UI Related Files";
			sourceTree = "<group>";
		};
		7CA6624A26413CEF000E0B7A /* Error Management Group */ = {
			isa = PBXGroup;
			children = (
				7CA6624226413C47000E0B7A /* NetworkError.swift */,
				7CA6624B26413D05000E0B7A /* UserInputError.swift */,
			);
			path = "Error Management Group";
			sourceTree = "<group>";
		};
		7CB8DF34264BAB390001CC6D /* Extensions */ = {
			isa = PBXGroup;
			children = (
				7CB8DF35264BAB760001CC6D /* UIViewController Extension.swift */,
				7C55545E266CEADF00C3C5B6 /* UILabel Extension.swift */,
				7C6B509F2652B17F0032328C /* UIImage Extension.swift */,
				7C132BF326552B4900BE5F40 /* UIButton Extension.swift */,
				7C036AB72696BE4C00F6C29B /* Date Extension.swift */,
				7C0E2DDE26B7D92800BB37FF /* String Extension.swift */,
				7C0F1CB926BA6B310068FF45 /* NotificationName Extension .swift */,
				7CDADA0626BE623100F7F58F /* DateHelper Extension.swift */,
				7C9BBB4026C27BD0001C54E6 /* UITableView Extension.swift */,
				7C3D541E26CA722B00AE3E55 /* CALayer Extension.swift */,
			);
			path = Extensions;
			sourceTree = "<group>";
		};
		7CB8DF5C264C207D0001CC6D /* ItemVM */ = {
			isa = PBXGroup;
			children = (
				7C5E21282646558600E98FE5 /* ItemViewModel.swift */,
				7C8839E52643CD7700F9F78C /* UploadItemViewModel.swift */,
				7C3758EC265FA97A0081A85D /* HomeViewModel.swift */,
				7CCDB1F126A2C1500092F28D /* SearchPostViewModel.swift */,
			);
			path = ItemVM;
			sourceTree = "<group>";
		};
		7CB8DF5D264C208A0001CC6D /* ChatVM */ = {
			isa = PBXGroup;
			children = (
				7C60DC6F2692BCEE001DEA9A /* ChatViewModel.swift */,
				7CD1522A26AA9DB400F2C466 /* ChatListViewModel.swift */,
			);
			path = ChatVM;
			sourceTree = "<group>";
		};
		7CB8DF712650E1CC0001CC6D /* Login+RegisterVM */ = {
			isa = PBXGroup;
			children = (
				7CB8DF722650E1E20001CC6D /* RegisterViewModel.swift */,
				7CB8DF742650E1EB0001CC6D /* LoginViewModel.swift */,
			);
			path = "Login+RegisterVM";
			sourceTree = "<group>";
		};
		7CC05E9826B6D90800BE9288 /* Item Models */ = {
			isa = PBXGroup;
			children = (
				7C55545C266CDFD100C3C5B6 /* UploadItemRequestDTO.swift */,
				7C9BBB3E26C162BB001C54E6 /* UpdatePostRequestDTO.swift */,
				7CC05E9926B6D91800BE9288 /* EditPostModel.swift */,
			);
			path = "Item Models";
			sourceTree = "<group>";
		};
		7CC1B59126D225BE0007F99B /* Custom Alerts */ = {
			isa = PBXGroup;
			children = (
				7CA78FF526CDFC510019B06F /* AlertViewController.swift */,
				7CA78FF726CE02D10019B06F /* KMBodyLabel.swift */,
				7CA78FFB26CE03260019B06F /* KMButton.swift */,
				7CA78FF926CE02EC0019B06F /* KMTitleLabel.swift */,
			);
			path = "Custom Alerts";
			sourceTree = "<group>";
		};
		7CC1B59426D4B28F0007F99B /* Empty States */ = {
			isa = PBXGroup;
			children = (
				7CC1B59726D4C7000007F99B /* EmptySearchView.swift */,
				7CC1B59926D4CB1E0007F99B /* EmptySearchView.xib */,
			);
			path = "Empty States";
			sourceTree = "<group>";
		};
		7CD1522526AA99DA00F2C466 /* Chat Models */ = {
			isa = PBXGroup;
			children = (
				7CD1522626AA99EB00F2C466 /* ChatResponseModel.swift */,
				7CD1522826AA9D4B00F2C466 /* ChatRooms.swift */,
				7C3D985D26AE793D005DFAE0 /* RoomInfo.swift */,
				7C184B8226B103F1006C0FAD /* Room.swift */,
			);
			path = "Chat Models";
			sourceTree = "<group>";
		};
		7CD74E0C2645981700BD2DE4 /* Login+Register */ = {
			isa = PBXGroup;
			children = (
				7C3B4FF526A92C4100E2CA8F /* User Register */,
				7CA661F4263D4387000E0B7A /* InitialViewController.swift */,
				7CA662302641359F000E0B7A /* RegisterViewController.swift */,
				7CA6622D26413597000E0B7A /* LoginViewController.swift */,
				7C0F1CB326BA55D60068FF45 /* FindPasswordViewController.swift */,
			);
			path = "Login+Register";
			sourceTree = "<group>";
		};
		7CD74E0D2645982600BD2DE4 /* Chat */ = {
			isa = PBXGroup;
			children = (
				7CA66239264136C7000E0B7A /* ChatListViewController.swift */,
				7CB8DF5E264CE5E80001CC6D /* ChatViewController.swift */,
				7C3D986126AE8A42005DFAE0 /* ChatMemberViewController.swift */,
			);
			path = Chat;
			sourceTree = "<group>";
		};
		7CD74E0E2645983000BD2DE4 /* Item */ = {
			isa = PBXGroup;
			children = (
				7CA66233264135AA000E0B7A /* HomeViewController.swift */,
				7C516C3C267F649C0065E30D /* PhotoDetailViewController.swift */,
				7C8839E22643CBC300F9F78C /* UploadItemViewController.swift */,
				7C5E2126264645B300E98FE5 /* ItemViewController.swift */,
				7CCDB1E726A2B9AE0092F28D /* SearchPostViewController.swift */,
			);
			path = Item;
			sourceTree = "<group>";
		};
		7CD74E0F2645986A00BD2DE4 /* MyPage */ = {
			isa = PBXGroup;
			children = (
				7C60DC7126944C16001DEA9A /* Settings */,
				7CA66236264136BF000E0B7A /* MyPageViewController.swift */,
				7C1D829426565428006FEBDE /* SendDeveloperMessageViewController.swift */,
				7C1C1D11265E714000C08C66 /* TermsAndConditionsViewController.swift */,
				7C60DC7326944C82001DEA9A /* OpenSourceInfoViewController.swift */,
				7C60DC7526944C8E001DEA9A /* DeveloperInfoViewController.swift */,
				7C60DC7726944C99001DEA9A /* MyPostsViewController.swift */,
			);
			path = MyPage;
			sourceTree = "<group>";
		};
		B9AC8E9164D1E6F43C975A72 /* Frameworks */ = {
			isa = PBXGroup;
			children = (
				CBE1D0B088C71E5A52F0D900 /* Pods_KNU_Market.framework */,
			);
			name = Frameworks;
			sourceTree = "<group>";
		};
		EF6E8F5DA035698264ED872C /* Pods */ = {
			isa = PBXGroup;
			children = (
				0CF9625A9653E09453A9580D /* Pods-KNU_Market.debug.xcconfig */,
				96BAC897FCA7DC2BD1C84376 /* Pods-KNU_Market.release.xcconfig */,
			);
			path = Pods;
			sourceTree = "<group>";
		};
/* End PBXGroup section */

/* Begin PBXNativeTarget section */
		7CA661EC263D4387000E0B7A /* KNU_Market */ = {
			isa = PBXNativeTarget;
			buildConfigurationList = 7CA66201263D4389000E0B7A /* Build configuration list for PBXNativeTarget "KNU_Market" */;
			buildPhases = (
				6FBD5E8EDC477FC8E3453DD5 /* [CP] Check Pods Manifest.lock */,
				7CA661E9263D4387000E0B7A /* Sources */,
				7CA661EA263D4387000E0B7A /* Frameworks */,
				7CA661EB263D4387000E0B7A /* Resources */,
				C8A89F76B64200F61AF0A87D /* [CP] Embed Pods Frameworks */,
			);
			buildRules = (
			);
			dependencies = (
			);
			name = KNU_Market;
			productName = KNU_Market;
			productReference = 7CA661ED263D4387000E0B7A /* KNU_Market.app */;
			productType = "com.apple.product-type.application";
		};
/* End PBXNativeTarget section */

/* Begin PBXProject section */
		7CA661E5263D4387000E0B7A /* Project object */ = {
			isa = PBXProject;
			attributes = {
				LastSwiftUpdateCheck = 1240;
				LastUpgradeCheck = 1240;
				TargetAttributes = {
					7CA661EC263D4387000E0B7A = {
						CreatedOnToolsVersion = 12.4;
					};
				};
			};
			buildConfigurationList = 7CA661E8263D4387000E0B7A /* Build configuration list for PBXProject "KNU_Market" */;
			compatibilityVersion = "Xcode 9.3";
			developmentRegion = en;
			hasScannedForEncodings = 0;
			knownRegions = (
				en,
				Base,
			);
			mainGroup = 7CA661E4263D4387000E0B7A;
			productRefGroup = 7CA661EE263D4387000E0B7A /* Products */;
			projectDirPath = "";
			projectRoot = "";
			targets = (
				7CA661EC263D4387000E0B7A /* KNU_Market */,
			);
		};
/* End PBXProject section */

/* Begin PBXResourcesBuildPhase section */
		7CA661EB263D4387000E0B7A /* Resources */ = {
			isa = PBXResourcesBuildPhase;
			buildActionMask = 2147483647;
			files = (
				7CCDB1F026A2BD0C0092F28D /* ItemTableViewCell.xib in Resources */,
				7C184B8526B27B8B006C0FAD /* Chat.storyboard in Resources */,
				7C3D541D26C90B4900AE3E55 /* congratulate1.json in Resources */,
				7C0F1CB626BA64840068FF45 /* VerifyEmail.storyboard in Resources */,
				7CA661FD263D4389000E0B7A /* LaunchScreen.storyboard in Resources */,
				7CA661FA263D4389000E0B7A /* Assets.xcassets in Resources */,
				7C3B4FE826A923AB00E2CA8F /* UserRegister.storyboard in Resources */,
				7C6D2537268DD6710030F9A1 /* ItemList.storyboard in Resources */,
				7C6D253B268DD68A0030F9A1 /* MyPage.storyboard in Resources */,
				7CC1B59A26D4CB1E0007F99B /* EmptySearchView.xib in Resources */,
				7C0E2DDD26B7B62600BB37FF /* Report.storyboard in Resources */,
				7CA661F8263D4387000E0B7A /* Main.storyboard in Resources */,
				7C6D2539268DD6830030F9A1 /* ChatList.storyboard in Resources */,
				7C036ABE269AB7CC00F6C29B /* GoogleService-Info.plist in Resources */,
			);
			runOnlyForDeploymentPostprocessing = 0;
		};
/* End PBXResourcesBuildPhase section */

/* Begin PBXShellScriptBuildPhase section */
		6FBD5E8EDC477FC8E3453DD5 /* [CP] Check Pods Manifest.lock */ = {
			isa = PBXShellScriptBuildPhase;
			buildActionMask = 2147483647;
			files = (
			);
			inputFileListPaths = (
			);
			inputPaths = (
				"${PODS_PODFILE_DIR_PATH}/Podfile.lock",
				"${PODS_ROOT}/Manifest.lock",
			);
			name = "[CP] Check Pods Manifest.lock";
			outputFileListPaths = (
			);
			outputPaths = (
				"$(DERIVED_FILE_DIR)/Pods-KNU_Market-checkManifestLockResult.txt",
			);
			runOnlyForDeploymentPostprocessing = 0;
			shellPath = /bin/sh;
			shellScript = "diff \"${PODS_PODFILE_DIR_PATH}/Podfile.lock\" \"${PODS_ROOT}/Manifest.lock\" > /dev/null\nif [ $? != 0 ] ; then\n    # print error to STDERR\n    echo \"error: The sandbox is not in sync with the Podfile.lock. Run 'pod install' or update your CocoaPods installation.\" >&2\n    exit 1\nfi\n# This output is used by Xcode 'outputs' to avoid re-running this script phase.\necho \"SUCCESS\" > \"${SCRIPT_OUTPUT_FILE_0}\"\n";
			showEnvVarsInLog = 0;
		};
		C8A89F76B64200F61AF0A87D /* [CP] Embed Pods Frameworks */ = {
			isa = PBXShellScriptBuildPhase;
			buildActionMask = 2147483647;
			files = (
			);
			inputFileListPaths = (
				"${PODS_ROOT}/Target Support Files/Pods-KNU_Market/Pods-KNU_Market-frameworks-${CONFIGURATION}-input-files.xcfilelist",
			);
			name = "[CP] Embed Pods Frameworks";
			outputFileListPaths = (
				"${PODS_ROOT}/Target Support Files/Pods-KNU_Market/Pods-KNU_Market-frameworks-${CONFIGURATION}-output-files.xcfilelist",
			);
			runOnlyForDeploymentPostprocessing = 0;
			shellPath = /bin/sh;
			shellScript = "\"${PODS_ROOT}/Target Support Files/Pods-KNU_Market/Pods-KNU_Market-frameworks.sh\"\n";
			showEnvVarsInLog = 0;
		};
/* End PBXShellScriptBuildPhase section */

/* Begin PBXSourcesBuildPhase section */
		7CA661E9263D4387000E0B7A /* Sources */ = {
			isa = PBXSourcesBuildPhase;
			buildActionMask = 2147483647;
			files = (
				7CDADA0726BE623100F7F58F /* DateHelper Extension.swift in Sources */,
				7C6B50A02652B17F0032328C /* UIImage Extension.swift in Sources */,
				7C3B4FEA26A9289A00E2CA8F /* NickNameInputViewController.swift in Sources */,
				7C3D986426AE9F2E005DFAE0 /* LoadOtherUserProfileModel.swift in Sources */,
				7CB8DF42264BEC870001CC6D /* User.swift in Sources */,
				7C60DC7626944C8E001DEA9A /* DeveloperInfoViewController.swift in Sources */,
				7CD1522B26AA9DB400F2C466 /* ChatListViewModel.swift in Sources */,
				7CA6624326413C47000E0B7A /* NetworkError.swift in Sources */,
				7C3B4FF426A928DD00E2CA8F /* CongratulateUserViewController.swift in Sources */,
				7C3B4FF026A928C700E2CA8F /* EmailInputViewController.swift in Sources */,
				7CC05E9A26B6D91800BE9288 /* EditPostModel.swift in Sources */,
				7C3758ED265FA97A0081A85D /* HomeViewModel.swift in Sources */,
				7C0F1CBA26BA6B310068FF45 /* NotificationName Extension .swift in Sources */,
				7CCB02082674CE5D00D58BC2 /* ItemListModel.swift in Sources */,
				7CB8DF46264BEFEC0001CC6D /* LoadProfileResponseModel.swift in Sources */,
				7C55545D266CDFD100C3C5B6 /* UploadItemRequestDTO.swift in Sources */,
				7CA6622E26413597000E0B7A /* LoginViewController.swift in Sources */,
				7C1D829526565429006FEBDE /* SendDeveloperMessageViewController.swift in Sources */,
				7CA662312641359F000E0B7A /* RegisterViewController.swift in Sources */,
				7C1C1D10265E712D00C08C66 /* ChangePasswordViewController.swift in Sources */,
				7C3B4FF726A92C6C00E2CA8F /* UserRegisterValues.swift in Sources */,
				7C60DC702692BCEE001DEA9A /* ChatViewModel.swift in Sources */,
				7C555465266D0A1400C3C5B6 /* Location.swift in Sources */,
				7C3B4FF226A928D300E2CA8F /* CheckEmailViewController.swift in Sources */,
				7C436B5B26820F9D00943069 /* ReportUserRequestDTO.swift in Sources */,
				7CC1B59826D4C7000007F99B /* EmptySearchView.swift in Sources */,
				7CB8DF752650E1EB0001CC6D /* LoginViewModel.swift in Sources */,
				7CD1522726AA99EB00F2C466 /* ChatResponseModel.swift in Sources */,
				7C71996F2679CAEC000BEE64 /* Animations.swift in Sources */,
				7CB8DF36264BAB760001CC6D /* UIViewController Extension.swift in Sources */,
				7C036AB62696B64F00F6C29B /* MyPageTableViewCell.swift in Sources */,
				7CCDB1EF26A2BD0C0092F28D /* ItemTableViewCell.swift in Sources */,
				7C1EEE4E26A68FB700775B11 /* MainTabBarViewController.swift in Sources */,
				7CB8DF5F264CE5E80001CC6D /* ChatViewController.swift in Sources */,
				7C132BF426552B4900BE5F40 /* UIButton Extension.swift in Sources */,
				7C3B4FFC26A974F100E2CA8F /* UnregisterUser_InputPasswordViewController.swift in Sources */,
				7CA6623A264136C7000E0B7A /* ChatListViewController.swift in Sources */,
				7C1C1D0C265E70E000C08C66 /* SettingsViewController.swift in Sources */,
				7C036AB82696BE4C00F6C29B /* Date Extension.swift in Sources */,
				7C4012852656A4C6006B0473 /* MyPageViewModel.swift in Sources */,
				7CD1522926AA9D4B00F2C466 /* ChatRooms.swift in Sources */,
				7C516C3B267F48310065E30D /* ReportUserViewController.swift in Sources */,
				7C3B4FFE26A9776D00E2CA8F /* UnregisterUser_InputSuggestionViewController.swift in Sources */,
				7CA66237264136BF000E0B7A /* MyPageViewController.swift in Sources */,
				7CB8DF63264D02AF0001CC6D /* Sender.swift in Sources */,
				7C55545F266CEADF00C3C5B6 /* UILabel Extension.swift in Sources */,
				7C1C1D0E265E712000C08C66 /* ChangeNicknameViewController.swift in Sources */,
				7C8839E62643CD7700F9F78C /* UploadItemViewModel.swift in Sources */,
				7C132BF2265397B200BE5F40 /* Global Methods + Variables.swift in Sources */,
				7C184B8326B103F1006C0FAD /* Room.swift in Sources */,
				7CA661F5263D4387000E0B7A /* InitialViewController.swift in Sources */,
				7CA78FF626CDFC510019B06F /* AlertViewController.swift in Sources */,
				7C1C1D12265E714000C08C66 /* TermsAndConditionsViewController.swift in Sources */,
				7CA661F1263D4387000E0B7A /* AppDelegate.swift in Sources */,
				7C516C3D267F649C0065E30D /* PhotoDetailViewController.swift in Sources */,
				7CA661F3263D4387000E0B7A /* SceneDelegate.swift in Sources */,
				7C0E2DDF26B7D92800BB37FF /* String Extension.swift in Sources */,
				7CCDB1EA26A2BCD30092F28D /* ChatTableViewCell.swift in Sources */,
				7CAC1E74265BC84800EAA3A5 /* ItemTableViewModel.swift in Sources */,
				7C9BBB4126C27BD1001C54E6 /* UITableView Extension.swift in Sources */,
				7CCDB1E826A2B9AE0092F28D /* SearchPostViewController.swift in Sources */,
				7C8839DF2643CB0400F9F78C /* UserPickedItemImageCollectionViewCell.swift in Sources */,
				7C555462266CFC0500C3C5B6 /* HTTPHeaderKeys.swift in Sources */,
				7C60DC7826944C99001DEA9A /* MyPostsViewController.swift in Sources */,
				7CB8DF61264D02690001CC6D /* Message.swift in Sources */,
				7C555467266D1A8700C3C5B6 /* MediaManager.swift in Sources */,
				7CA78FFC26CE03260019B06F /* KMButton.swift in Sources */,
				7C3B4FEC26A928A600E2CA8F /* PasswordInputViewController.swift in Sources */,
				7CA6624726413C5A000E0B7A /* UserManager.swift in Sources */,
				7C3D541F26CA722B00AE3E55 /* CALayer Extension.swift in Sources */,
				7CA6624C26413D05000E0B7A /* UserInputError.swift in Sources */,
				7C8839E32643CBC300F9F78C /* UploadItemViewController.swift in Sources */,
				7CA78FF826CE02D10019B06F /* KMBodyLabel.swift in Sources */,
				7CB8DF732650E1E20001CC6D /* RegisterViewModel.swift in Sources */,
				7C719971267A1678000BEE64 /* ItemDetailModel.swift in Sources */,
				7C3D986226AE8A42005DFAE0 /* ChatMemberViewController.swift in Sources */,
				7C833686266208210032308D /* Interceptor.swift in Sources */,
				7C436B5826820E5200943069 /* ReportManager.swift in Sources */,
				7CB8DF3A264BB0360001CC6D /* ChatManager.swift in Sources */,
				7CA66234264135AA000E0B7A /* HomeViewController.swift in Sources */,
				7C60DC7426944C82001DEA9A /* OpenSourceInfoViewController.swift in Sources */,
				7CA78FFA26CE02EC0019B06F /* KMTitleLabel.swift in Sources */,
				7C5E21292646558700E98FE5 /* ItemViewModel.swift in Sources */,
				7C3D986026AE89B5005DFAE0 /* ChatMemberTableViewCell.swift in Sources */,
				7C0F1CB826BA64B50068FF45 /* VerifyEmailViewController.swift in Sources */,
				7C5E2127264645B300E98FE5 /* ItemViewController.swift in Sources */,
				7CB8DF3E264BB1970001CC6D /* RegisterRequestDTO.swift in Sources */,
				7CCDB1F226A2C1500092F28D /* SearchPostViewModel.swift in Sources */,
				7C8839DE2643CB0400F9F78C /* AddImageButtonCollectionViewCell.swift in Sources */,
				7CB8DF38264BB0300001CC6D /* ItemManager.swift in Sources */,
				7C0F1CB426BA55D60068FF45 /* FindPasswordViewController.swift in Sources */,
				7C9BBB3F26C162BB001C54E6 /* UpdatePostRequestDTO.swift in Sources */,
				7C3B4FEE26A928B700E2CA8F /* ProfilePictureInputViewController.swift in Sources */,
				7C3D985E26AE793D005DFAE0 /* RoomInfo.swift in Sources */,
				7CA6624F26413F03000E0B7A /* Constants.swift in Sources */,
			);
			runOnlyForDeploymentPostprocessing = 0;
		};
/* End PBXSourcesBuildPhase section */

/* Begin PBXVariantGroup section */
		7CA661F6263D4387000E0B7A /* Main.storyboard */ = {
			isa = PBXVariantGroup;
			children = (
				7CA661F7263D4387000E0B7A /* Base */,
			);
			name = Main.storyboard;
			sourceTree = "<group>";
		};
		7CA661FB263D4389000E0B7A /* LaunchScreen.storyboard */ = {
			isa = PBXVariantGroup;
			children = (
				7CA661FC263D4389000E0B7A /* Base */,
			);
			name = LaunchScreen.storyboard;
			sourceTree = "<group>";
		};
/* End PBXVariantGroup section */

/* Begin XCBuildConfiguration section */
		7CA661FF263D4389000E0B7A /* Debug */ = {
			isa = XCBuildConfiguration;
			buildSettings = {
				ALWAYS_SEARCH_USER_PATHS = NO;
				CLANG_ANALYZER_NONNULL = YES;
				CLANG_ANALYZER_NUMBER_OBJECT_CONVERSION = YES_AGGRESSIVE;
				CLANG_CXX_LANGUAGE_STANDARD = "gnu++14";
				CLANG_CXX_LIBRARY = "libc++";
				CLANG_ENABLE_MODULES = YES;
				CLANG_ENABLE_OBJC_ARC = YES;
				CLANG_ENABLE_OBJC_WEAK = YES;
				CLANG_WARN_BLOCK_CAPTURE_AUTORELEASING = YES;
				CLANG_WARN_BOOL_CONVERSION = YES;
				CLANG_WARN_COMMA = YES;
				CLANG_WARN_CONSTANT_CONVERSION = YES;
				CLANG_WARN_DEPRECATED_OBJC_IMPLEMENTATIONS = YES;
				CLANG_WARN_DIRECT_OBJC_ISA_USAGE = YES_ERROR;
				CLANG_WARN_DOCUMENTATION_COMMENTS = YES;
				CLANG_WARN_EMPTY_BODY = YES;
				CLANG_WARN_ENUM_CONVERSION = YES;
				CLANG_WARN_INFINITE_RECURSION = YES;
				CLANG_WARN_INT_CONVERSION = YES;
				CLANG_WARN_NON_LITERAL_NULL_CONVERSION = YES;
				CLANG_WARN_OBJC_IMPLICIT_RETAIN_SELF = YES;
				CLANG_WARN_OBJC_LITERAL_CONVERSION = YES;
				CLANG_WARN_OBJC_ROOT_CLASS = YES_ERROR;
				CLANG_WARN_QUOTED_INCLUDE_IN_FRAMEWORK_HEADER = YES;
				CLANG_WARN_RANGE_LOOP_ANALYSIS = YES;
				CLANG_WARN_STRICT_PROTOTYPES = YES;
				CLANG_WARN_SUSPICIOUS_MOVE = YES;
				CLANG_WARN_UNGUARDED_AVAILABILITY = YES_AGGRESSIVE;
				CLANG_WARN_UNREACHABLE_CODE = YES;
				CLANG_WARN__DUPLICATE_METHOD_MATCH = YES;
				COPY_PHASE_STRIP = NO;
				DEBUG_INFORMATION_FORMAT = dwarf;
				ENABLE_STRICT_OBJC_MSGSEND = YES;
				ENABLE_TESTABILITY = YES;
				GCC_C_LANGUAGE_STANDARD = gnu11;
				GCC_DYNAMIC_NO_PIC = NO;
				GCC_NO_COMMON_BLOCKS = YES;
				GCC_OPTIMIZATION_LEVEL = 0;
				GCC_PREPROCESSOR_DEFINITIONS = (
					"DEBUG=1",
					"$(inherited)",
				);
				GCC_WARN_64_TO_32_BIT_CONVERSION = YES;
				GCC_WARN_ABOUT_RETURN_TYPE = YES_ERROR;
				GCC_WARN_UNDECLARED_SELECTOR = YES;
				GCC_WARN_UNINITIALIZED_AUTOS = YES_AGGRESSIVE;
				GCC_WARN_UNUSED_FUNCTION = YES;
				GCC_WARN_UNUSED_VARIABLE = YES;
				IPHONEOS_DEPLOYMENT_TARGET = 13.0;
				MTL_ENABLE_DEBUG_INFO = INCLUDE_SOURCE;
				MTL_FAST_MATH = YES;
				ONLY_ACTIVE_ARCH = YES;
				SDKROOT = iphoneos;
				SWIFT_ACTIVE_COMPILATION_CONDITIONS = DEBUG;
				SWIFT_OPTIMIZATION_LEVEL = "-Onone";
			};
			name = Debug;
		};
		7CA66200263D4389000E0B7A /* Release */ = {
			isa = XCBuildConfiguration;
			buildSettings = {
				ALWAYS_SEARCH_USER_PATHS = NO;
				CLANG_ANALYZER_NONNULL = YES;
				CLANG_ANALYZER_NUMBER_OBJECT_CONVERSION = YES_AGGRESSIVE;
				CLANG_CXX_LANGUAGE_STANDARD = "gnu++14";
				CLANG_CXX_LIBRARY = "libc++";
				CLANG_ENABLE_MODULES = YES;
				CLANG_ENABLE_OBJC_ARC = YES;
				CLANG_ENABLE_OBJC_WEAK = YES;
				CLANG_WARN_BLOCK_CAPTURE_AUTORELEASING = YES;
				CLANG_WARN_BOOL_CONVERSION = YES;
				CLANG_WARN_COMMA = YES;
				CLANG_WARN_CONSTANT_CONVERSION = YES;
				CLANG_WARN_DEPRECATED_OBJC_IMPLEMENTATIONS = YES;
				CLANG_WARN_DIRECT_OBJC_ISA_USAGE = YES_ERROR;
				CLANG_WARN_DOCUMENTATION_COMMENTS = YES;
				CLANG_WARN_EMPTY_BODY = YES;
				CLANG_WARN_ENUM_CONVERSION = YES;
				CLANG_WARN_INFINITE_RECURSION = YES;
				CLANG_WARN_INT_CONVERSION = YES;
				CLANG_WARN_NON_LITERAL_NULL_CONVERSION = YES;
				CLANG_WARN_OBJC_IMPLICIT_RETAIN_SELF = YES;
				CLANG_WARN_OBJC_LITERAL_CONVERSION = YES;
				CLANG_WARN_OBJC_ROOT_CLASS = YES_ERROR;
				CLANG_WARN_QUOTED_INCLUDE_IN_FRAMEWORK_HEADER = YES;
				CLANG_WARN_RANGE_LOOP_ANALYSIS = YES;
				CLANG_WARN_STRICT_PROTOTYPES = YES;
				CLANG_WARN_SUSPICIOUS_MOVE = YES;
				CLANG_WARN_UNGUARDED_AVAILABILITY = YES_AGGRESSIVE;
				CLANG_WARN_UNREACHABLE_CODE = YES;
				CLANG_WARN__DUPLICATE_METHOD_MATCH = YES;
				COPY_PHASE_STRIP = NO;
				DEBUG_INFORMATION_FORMAT = "dwarf-with-dsym";
				ENABLE_NS_ASSERTIONS = NO;
				ENABLE_STRICT_OBJC_MSGSEND = YES;
				GCC_C_LANGUAGE_STANDARD = gnu11;
				GCC_NO_COMMON_BLOCKS = YES;
				GCC_WARN_64_TO_32_BIT_CONVERSION = YES;
				GCC_WARN_ABOUT_RETURN_TYPE = YES_ERROR;
				GCC_WARN_UNDECLARED_SELECTOR = YES;
				GCC_WARN_UNINITIALIZED_AUTOS = YES_AGGRESSIVE;
				GCC_WARN_UNUSED_FUNCTION = YES;
				GCC_WARN_UNUSED_VARIABLE = YES;
				IPHONEOS_DEPLOYMENT_TARGET = 13.0;
				MTL_ENABLE_DEBUG_INFO = NO;
				MTL_FAST_MATH = YES;
				SDKROOT = iphoneos;
				SWIFT_COMPILATION_MODE = wholemodule;
				SWIFT_OPTIMIZATION_LEVEL = "-O";
				VALIDATE_PRODUCT = YES;
			};
			name = Release;
		};
		7CA66202263D4389000E0B7A /* Debug */ = {
			isa = XCBuildConfiguration;
			baseConfigurationReference = 0CF9625A9653E09453A9580D /* Pods-KNU_Market.debug.xcconfig */;
			buildSettings = {
				ASSETCATALOG_COMPILER_APPICON_NAME = AppIcon;
				ASSETCATALOG_COMPILER_GLOBAL_ACCENT_COLOR_NAME = AccentColor;
				CODE_SIGN_ENTITLEMENTS = KNU_Market/KNU_Market.entitlements;
				CODE_SIGN_STYLE = Automatic;
				DEVELOPMENT_TEAM = SBX5GK4LT4;
				INFOPLIST_FILE = KNU_Market/Info.plist;
				LD_RUNPATH_SEARCH_PATHS = (
					"$(inherited)",
					"@executable_path/Frameworks",
				);
				PRODUCT_BUNDLE_IDENTIFIER = "WIM.KNU-Market";
				PRODUCT_NAME = "$(TARGET_NAME)";
				SWIFT_VERSION = 5.0;
				TARGETED_DEVICE_FAMILY = "1,2";
			};
			name = Debug;
		};
		7CA66203263D4389000E0B7A /* Release */ = {
			isa = XCBuildConfiguration;
			baseConfigurationReference = 96BAC897FCA7DC2BD1C84376 /* Pods-KNU_Market.release.xcconfig */;
			buildSettings = {
				ASSETCATALOG_COMPILER_APPICON_NAME = AppIcon;
				ASSETCATALOG_COMPILER_GLOBAL_ACCENT_COLOR_NAME = AccentColor;
				CODE_SIGN_ENTITLEMENTS = KNU_Market/KNU_Market.entitlements;
				CODE_SIGN_STYLE = Automatic;
				DEVELOPMENT_TEAM = SBX5GK4LT4;
				INFOPLIST_FILE = KNU_Market/Info.plist;
				LD_RUNPATH_SEARCH_PATHS = (
					"$(inherited)",
					"@executable_path/Frameworks",
				);
				PRODUCT_BUNDLE_IDENTIFIER = "WIM.KNU-Market";
				PRODUCT_NAME = "$(TARGET_NAME)";
				SWIFT_VERSION = 5.0;
				TARGETED_DEVICE_FAMILY = "1,2";
			};
			name = Release;
		};
/* End XCBuildConfiguration section */

/* Begin XCConfigurationList section */
		7CA661E8263D4387000E0B7A /* Build configuration list for PBXProject "KNU_Market" */ = {
			isa = XCConfigurationList;
			buildConfigurations = (
				7CA661FF263D4389000E0B7A /* Debug */,
				7CA66200263D4389000E0B7A /* Release */,
			);
			defaultConfigurationIsVisible = 0;
			defaultConfigurationName = Release;
		};
		7CA66201263D4389000E0B7A /* Build configuration list for PBXNativeTarget "KNU_Market" */ = {
			isa = XCConfigurationList;
			buildConfigurations = (
				7CA66202263D4389000E0B7A /* Debug */,
				7CA66203263D4389000E0B7A /* Release */,
			);
			defaultConfigurationIsVisible = 0;
			defaultConfigurationName = Release;
		};
/* End XCConfigurationList section */
	};
	rootObject = 7CA661E5263D4387000E0B7A /* Project object */;
}
